// !$*UTF8*$!
{
	archiveVersion = 1;
	classes = {
	};
	objectVersion = 46;
	objects = {

/* Begin PBXBuildFile section */
		C81972D716E1BC1400EE65D2 /* UIKit.framework in Frameworks */ = {isa = PBXBuildFile; fileRef = C81972D616E1BC1400EE65D2 /* UIKit.framework */; };
		C81972D916E1BC1400EE65D2 /* Foundation.framework in Frameworks */ = {isa = PBXBuildFile; fileRef = C81972D816E1BC1400EE65D2 /* Foundation.framework */; };
		C81972DB16E1BC1400EE65D2 /* CoreGraphics.framework in Frameworks */ = {isa = PBXBuildFile; fileRef = C81972DA16E1BC1400EE65D2 /* CoreGraphics.framework */; };
		C81972E116E1BC1400EE65D2 /* InfoPlist.strings in Resources */ = {isa = PBXBuildFile; fileRef = C81972DF16E1BC1400EE65D2 /* InfoPlist.strings */; };
		C81972E316E1BC1400EE65D2 /* main.m in Sources */ = {isa = PBXBuildFile; fileRef = C81972E216E1BC1400EE65D2 /* main.m */; };
		C81972E716E1BC1400EE65D2 /* TSAppDelegate.m in Sources */ = {isa = PBXBuildFile; fileRef = C81972E616E1BC1400EE65D2 /* TSAppDelegate.m */; };
		C81972F016E1BC1400EE65D2 /* MainStoryboard.storyboard in Resources */ = {isa = PBXBuildFile; fileRef = C81972EE16E1BC1400EE65D2 /* MainStoryboard.storyboard */; };
		C81972FB16E1BC1400EE65D2 /* SenTestingKit.framework in Frameworks */ = {isa = PBXBuildFile; fileRef = C81972FA16E1BC1400EE65D2 /* SenTestingKit.framework */; };
		C81972FC16E1BC1400EE65D2 /* UIKit.framework in Frameworks */ = {isa = PBXBuildFile; fileRef = C81972D616E1BC1400EE65D2 /* UIKit.framework */; };
		C81972FD16E1BC1400EE65D2 /* Foundation.framework in Frameworks */ = {isa = PBXBuildFile; fileRef = C81972D816E1BC1400EE65D2 /* Foundation.framework */; };
		C819730516E1BC1400EE65D2 /* InfoPlist.strings in Resources */ = {isa = PBXBuildFile; fileRef = C819730316E1BC1400EE65D2 /* InfoPlist.strings */; };
		C819730816E1BC1400EE65D2 /* TimeStamp_HomepageTests.m in Sources */ = {isa = PBXBuildFile; fileRef = C819730716E1BC1400EE65D2 /* TimeStamp_HomepageTests.m */; };
		C81DED08177E652F00317312 /* TSMainView.m in Sources */ = {isa = PBXBuildFile; fileRef = C81DED07177E652F00317312 /* TSMainView.m */; };
		C828E640176D5CBB000DA3CA /* UIColor+CalendarPalette.m in Sources */ = {isa = PBXBuildFile; fileRef = C828E63F176D5CBB000DA3CA /* UIColor+CalendarPalette.m */; };
		C83B5F0E17D38D32006F4BC7 /* DMLazyScrollView.m in Sources */ = {isa = PBXBuildFile; fileRef = C83B5F0D17D38D32006F4BC7 /* DMLazyScrollView.m */; };
		C83B5F0F17D38D32006F4BC7 /* DMLazyScrollView.m in Sources */ = {isa = PBXBuildFile; fileRef = C83B5F0D17D38D32006F4BC7 /* DMLazyScrollView.m */; };
		C83B5F1617D39612006F4BC7 /* TSMainViewController.m in Sources */ = {isa = PBXBuildFile; fileRef = C83B5F1517D39612006F4BC7 /* TSMainViewController.m */; };
		C83B5F1717D39612006F4BC7 /* TSMainViewController.m in Sources */ = {isa = PBXBuildFile; fileRef = C83B5F1517D39612006F4BC7 /* TSMainViewController.m */; };
		C83B5F1B17D3A626006F4BC7 /* home_icon_blue.png in Resources */ = {isa = PBXBuildFile; fileRef = C83B5F1817D3A626006F4BC7 /* home_icon_blue.png */; };
		C83B5F1C17D3A626006F4BC7 /* home_icon_blue.png in Resources */ = {isa = PBXBuildFile; fileRef = C83B5F1817D3A626006F4BC7 /* home_icon_blue.png */; };
		C83B5F1D17D3A626006F4BC7 /* gear_icon_blue.png in Resources */ = {isa = PBXBuildFile; fileRef = C83B5F1917D3A626006F4BC7 /* gear_icon_blue.png */; };
		C83B5F1E17D3A626006F4BC7 /* gear_icon_blue.png in Resources */ = {isa = PBXBuildFile; fileRef = C83B5F1917D3A626006F4BC7 /* gear_icon_blue.png */; };
		C83B5F1F17D3A626006F4BC7 /* data_icon_blue.png in Resources */ = {isa = PBXBuildFile; fileRef = C83B5F1A17D3A626006F4BC7 /* data_icon_blue.png */; };
		C83B5F2017D3A626006F4BC7 /* data_icon_blue.png in Resources */ = {isa = PBXBuildFile; fileRef = C83B5F1A17D3A626006F4BC7 /* data_icon_blue.png */; };
		C83BC71E17EE948400A556EC /* TSTutorialViewController.m in Sources */ = {isa = PBXBuildFile; fileRef = C83BC71D17EE948400A556EC /* TSTutorialViewController.m */; };
		C83D1BA31818C70400482ACC /* Icon.png in Resources */ = {isa = PBXBuildFile; fileRef = C83D1BA11818C70400482ACC /* Icon.png */; };
		C83D1BA41818C70400482ACC /* Icon@2x.png in Resources */ = {isa = PBXBuildFile; fileRef = C83D1BA21818C70400482ACC /* Icon@2x.png */; };
		C83D1BAE1818DE1B00482ACC /* Tutorial-1.png in Resources */ = {isa = PBXBuildFile; fileRef = C83D1BA61818DE1900482ACC /* Tutorial-1.png */; };
		C83D1BAF1818DE1B00482ACC /* Tutorial-2.png in Resources */ = {isa = PBXBuildFile; fileRef = C83D1BA71818DE1900482ACC /* Tutorial-2.png */; };
		C83D1BB01818DE1B00482ACC /* Tutorial-3.png in Resources */ = {isa = PBXBuildFile; fileRef = C83D1BA81818DE1900482ACC /* Tutorial-3.png */; };
		C83D1BB11818DE1B00482ACC /* Tutorial-4.png in Resources */ = {isa = PBXBuildFile; fileRef = C83D1BA91818DE1900482ACC /* Tutorial-4.png */; };
		C83D1BB21818DE1B00482ACC /* Tutorial-5.png in Resources */ = {isa = PBXBuildFile; fileRef = C83D1BAA1818DE1900482ACC /* Tutorial-5.png */; };
		C83D1BB31818DE1B00482ACC /* Tutorial-6.png in Resources */ = {isa = PBXBuildFile; fileRef = C83D1BAB1818DE1900482ACC /* Tutorial-6.png */; };
		C83D1BB81818E4CE00482ACC /* Tutorial-0.png in Resources */ = {isa = PBXBuildFile; fileRef = C83D1BB71818E4CE00482ACC /* Tutorial-0.png */; };
		C83D1BBF1818E8A700482ACC /* GetStarted_Sel.png in Resources */ = {isa = PBXBuildFile; fileRef = C83D1BBD1818E8A700482ACC /* GetStarted_Sel.png */; };
		C83D1BC01818E8A700482ACC /* GetStarted.png in Resources */ = {isa = PBXBuildFile; fileRef = C83D1BBE1818E8A700482ACC /* GetStarted.png */; };
		C83D1BC21818E92C00482ACC /* Tutorial.png in Resources */ = {isa = PBXBuildFile; fileRef = C83D1BC11818E92C00482ACC /* Tutorial.png */; };
		C85A785517792BF5004B088B /* EventKit.framework in Frameworks */ = {isa = PBXBuildFile; fileRef = C85A785417792BF5004B088B /* EventKit.framework */; };
		C85A785717792BFC004B088B /* EventKitUI.framework in Frameworks */ = {isa = PBXBuildFile; fileRef = C85A785617792BFC004B088B /* EventKitUI.framework */; };
		C86D492117E5553900401CF3 /* ClassEventCell.m in Sources */ = {isa = PBXBuildFile; fileRef = C86D48ED17E5553900401CF3 /* ClassEventCell.m */; };
		C86D492217E5553900401CF3 /* ClassEventCell.xib in Resources */ = {isa = PBXBuildFile; fileRef = C86D48EE17E5553900401CF3 /* ClassEventCell.xib */; };
		C86D492317E5553900401CF3 /* ColumnGraphView.m in Sources */ = {isa = PBXBuildFile; fileRef = C86D48F017E5553900401CF3 /* ColumnGraphView.m */; };
		C86D492417E5553900401CF3 /* Default-568h@2x.png in Resources */ = {isa = PBXBuildFile; fileRef = C86D48F117E5553900401CF3 /* Default-568h@2x.png */; };
		C86D492517E5553900401CF3 /* Default.png in Resources */ = {isa = PBXBuildFile; fileRef = C86D48F217E5553900401CF3 /* Default.png */; };
		C86D492617E5553900401CF3 /* Default@2x.png in Resources */ = {isa = PBXBuildFile; fileRef = C86D48F317E5553900401CF3 /* Default@2x.png */; };
		C86D492717E5553900401CF3 /* InfoPlist.strings in Resources */ = {isa = PBXBuildFile; fileRef = C86D48F417E5553900401CF3 /* InfoPlist.strings */; };
		C86D492817E5553900401CF3 /* EventCell.m in Sources */ = {isa = PBXBuildFile; fileRef = C86D48F717E5553900401CF3 /* EventCell.m */; };
		C86D492917E5553900401CF3 /* EventCell.xib in Resources */ = {isa = PBXBuildFile; fileRef = C86D48F817E5553900401CF3 /* EventCell.xib */; };
		C86D492A17E5553900401CF3 /* EventKitData.m in Sources */ = {isa = PBXBuildFile; fileRef = C86D48FA17E5553900401CF3 /* EventKitData.m */; };
		C86D492B17E5553900401CF3 /* EventViewController.m in Sources */ = {isa = PBXBuildFile; fileRef = C86D48FC17E5553900401CF3 /* EventViewController.m */; };
		C86D492C17E5553900401CF3 /* EventViewController.xib in Resources */ = {isa = PBXBuildFile; fileRef = C86D48FD17E5553900401CF3 /* EventViewController.xib */; };
		C86D492D17E5553900401CF3 /* GraphViewController.m in Sources */ = {isa = PBXBuildFile; fileRef = C86D48FF17E5553900401CF3 /* GraphViewController.m */; };
		C86D492E17E5553900401CF3 /* GraphViewController.xib in Resources */ = {isa = PBXBuildFile; fileRef = C86D490017E5553900401CF3 /* GraphViewController.xib */; };
		C86D493217E5553900401CF3 /* MySingleton.m in Sources */ = {isa = PBXBuildFile; fileRef = C86D490517E5553900401CF3 /* MySingleton.m */; };
		C86D493317E5553900401CF3 /* PieChartView.m in Sources */ = {isa = PBXBuildFile; fileRef = C86D490717E5553900401CF3 /* PieChartView.m */; };
		C86D493417E5553900401CF3 /* SingleCalendarViewController.m in Sources */ = {isa = PBXBuildFile; fileRef = C86D490917E5553900401CF3 /* SingleCalendarViewController.m */; };
		C86D493517E5553900401CF3 /* SingleCalendarViewController.xib in Resources */ = {isa = PBXBuildFile; fileRef = C86D490A17E5553900401CF3 /* SingleCalendarViewController.xib */; };
		C86D493617E5553900401CF3 /* TableHeaderToolBar.m in Sources */ = {isa = PBXBuildFile; fileRef = C86D490C17E5553900401CF3 /* TableHeaderToolBar.m */; };
		C86D493717E5553900401CF3 /* TimePeriodToolbar.m in Sources */ = {isa = PBXBuildFile; fileRef = C86D490E17E5553900401CF3 /* TimePeriodToolbar.m */; };
		C86D493917E5553900401CF3 /* TotalHourCell.m in Sources */ = {isa = PBXBuildFile; fileRef = C86D491217E5553900401CF3 /* TotalHourCell.m */; };
		C86D493A17E5553900401CF3 /* TotalHourCell.xib in Resources */ = {isa = PBXBuildFile; fileRef = C86D491317E5553900401CF3 /* TotalHourCell.xib */; };
		C86D493B17E5553900401CF3 /* TotalHoursViewController.m in Sources */ = {isa = PBXBuildFile; fileRef = C86D491517E5553900401CF3 /* TotalHoursViewController.m */; };
		C86D493C17E5553900401CF3 /* TotalHoursViewController.xib in Resources */ = {isa = PBXBuildFile; fileRef = C86D491617E5553900401CF3 /* TotalHoursViewController.xib */; };
		C86D493D17E5553900401CF3 /* TrendGraphView.m in Sources */ = {isa = PBXBuildFile; fileRef = C86D491817E5553900401CF3 /* TrendGraphView.m */; };
		C86D493E17E5553900401CF3 /* TrendGraphViewController.m in Sources */ = {isa = PBXBuildFile; fileRef = C86D491A17E5553900401CF3 /* TrendGraphViewController.m */; };
		C86D493F17E5553900401CF3 /* TrendGraphViewController.xib in Resources */ = {isa = PBXBuildFile; fileRef = C86D491B17E5553900401CF3 /* TrendGraphViewController.xib */; };
		C86D494017E5553900401CF3 /* TSCalendarSegment.m in Sources */ = {isa = PBXBuildFile; fileRef = C86D491D17E5553900401CF3 /* TSCalendarSegment.m */; };
		C86D494117E5553900401CF3 /* UtilityMethods.m in Sources */ = {isa = PBXBuildFile; fileRef = C86D491F17E5553900401CF3 /* UtilityMethods.m */; };
		C86D494417E5590E00401CF3 /* TSTabBar.m in Sources */ = {isa = PBXBuildFile; fileRef = C86D494317E5590D00401CF3 /* TSTabBar.m */; };
		C88D652716FA52D400F356CE /* QuartzCore.framework in Frameworks */ = {isa = PBXBuildFile; fileRef = C88D652616FA52D400F356CE /* QuartzCore.framework */; };
		C8A6C7CF17ADE3180086FED4 /* Calendar.png in Resources */ = {isa = PBXBuildFile; fileRef = C8A6C7BC17ADE3180086FED4 /* Calendar.png */; };
		C8A6C7D017ADE3180086FED4 /* Calendar.png in Resources */ = {isa = PBXBuildFile; fileRef = C8A6C7BC17ADE3180086FED4 /* Calendar.png */; };
		C8A6C7D117ADE3180086FED4 /* GCCalendar.strings in Resources */ = {isa = PBXBuildFile; fileRef = C8A6C7BD17ADE3180086FED4 /* GCCalendar.strings */; };
		C8A6C7D217ADE3180086FED4 /* GCCalendar.strings in Resources */ = {isa = PBXBuildFile; fileRef = C8A6C7BD17ADE3180086FED4 /* GCCalendar.strings */; };
		C8A6C7D317ADE3180086FED4 /* GCCalendar.m in Sources */ = {isa = PBXBuildFile; fileRef = C8A6C7C117ADE3180086FED4 /* GCCalendar.m */; };
		C8A6C7D417ADE3180086FED4 /* GCCalendar.m in Sources */ = {isa = PBXBuildFile; fileRef = C8A6C7C117ADE3180086FED4 /* GCCalendar.m */; };
		C8A6C7D517ADE3180086FED4 /* GCCalendarEvent.m in Sources */ = {isa = PBXBuildFile; fileRef = C8A6C7C317ADE3180086FED4 /* GCCalendarEvent.m */; };
		C8A6C7D617ADE3180086FED4 /* GCCalendarEvent.m in Sources */ = {isa = PBXBuildFile; fileRef = C8A6C7C317ADE3180086FED4 /* GCCalendarEvent.m */; };
		C8A6C7D717ADE3180086FED4 /* GCCalendarTile.m in Sources */ = {isa = PBXBuildFile; fileRef = C8A6C7C617ADE3180086FED4 /* GCCalendarTile.m */; };
		C8A6C7D817ADE3180086FED4 /* GCCalendarTile.m in Sources */ = {isa = PBXBuildFile; fileRef = C8A6C7C617ADE3180086FED4 /* GCCalendarTile.m */; };
		C8A6C7D917ADE3180086FED4 /* GCCalendarTodayView.m in Sources */ = {isa = PBXBuildFile; fileRef = C8A6C7C817ADE3180086FED4 /* GCCalendarTodayView.m */; };
		C8A6C7DA17ADE3180086FED4 /* GCCalendarTodayView.m in Sources */ = {isa = PBXBuildFile; fileRef = C8A6C7C817ADE3180086FED4 /* GCCalendarTodayView.m */; };
		C8A6C7DB17ADE3180086FED4 /* GCCalendarView.m in Sources */ = {isa = PBXBuildFile; fileRef = C8A6C7CA17ADE3180086FED4 /* GCCalendarView.m */; };
		C8A6C7DC17ADE3180086FED4 /* GCCalendarView.m in Sources */ = {isa = PBXBuildFile; fileRef = C8A6C7CA17ADE3180086FED4 /* GCCalendarView.m */; };
		C8A6C7DD17ADE3180086FED4 /* GCDatePickerControlBackground.png in Resources */ = {isa = PBXBuildFile; fileRef = C8A6C7CB17ADE3180086FED4 /* GCDatePickerControlBackground.png */; };
		C8A6C7DE17ADE3180086FED4 /* GCDatePickerControlBackground.png in Resources */ = {isa = PBXBuildFile; fileRef = C8A6C7CB17ADE3180086FED4 /* GCDatePickerControlBackground.png */; };
		C8A6C7DF17ADE3180086FED4 /* GCDatePickerControlLeft.png in Resources */ = {isa = PBXBuildFile; fileRef = C8A6C7CC17ADE3180086FED4 /* GCDatePickerControlLeft.png */; };
		C8A6C7E017ADE3180086FED4 /* GCDatePickerControlLeft.png in Resources */ = {isa = PBXBuildFile; fileRef = C8A6C7CC17ADE3180086FED4 /* GCDatePickerControlLeft.png */; };
		C8A6C7E117ADE3180086FED4 /* GCDatePickerControlRight.png in Resources */ = {isa = PBXBuildFile; fileRef = C8A6C7CD17ADE3180086FED4 /* GCDatePickerControlRight.png */; };
		C8A6C7E217ADE3180086FED4 /* GCDatePickerControlRight.png in Resources */ = {isa = PBXBuildFile; fileRef = C8A6C7CD17ADE3180086FED4 /* GCDatePickerControlRight.png */; };
		C8A6C7E517ADE44D0086FED4 /* TSDayViewController.m in Sources */ = {isa = PBXBuildFile; fileRef = C8A6C7E417ADE44D0086FED4 /* TSDayViewController.m */; };
		C8A6C7E617ADE44D0086FED4 /* TSDayViewController.m in Sources */ = {isa = PBXBuildFile; fileRef = C8A6C7E417ADE44D0086FED4 /* TSDayViewController.m */; };
		C8B93BB217BFD86500759246 /* TSAddNewTableViewCell.m in Sources */ = {isa = PBXBuildFile; fileRef = C8B93BB117BFD86500759246 /* TSAddNewTableViewCell.m */; };
		C8B93BB417BFFD0400759246 /* plus_sign.png in Resources */ = {isa = PBXBuildFile; fileRef = C8B93BB317BFFD0400759246 /* plus_sign.png */; };
		C8B93BB717C127DB00759246 /* grey_cross_red_glow.png in Resources */ = {isa = PBXBuildFile; fileRef = C8B93BB517C127DB00759246 /* grey_cross_red_glow.png */; };
		C8B93BB817C127DB00759246 /* grey_cross.png in Resources */ = {isa = PBXBuildFile; fileRef = C8B93BB617C127DB00759246 /* grey_cross.png */; };
		C8E4A59117C26FFB002504B0 /* down_arrow.png in Resources */ = {isa = PBXBuildFile; fileRef = C8E4A58F17C26FFB002504B0 /* down_arrow.png */; };
		C8E4A59217C26FFB002504B0 /* up_arrow.png in Resources */ = {isa = PBXBuildFile; fileRef = C8E4A59017C26FFB002504B0 /* up_arrow.png */; };
		C8EA7E0417C944DD009EED40 /* TSHomePageController.m in Sources */ = {isa = PBXBuildFile; fileRef = C8FF167B17A617630064BA83 /* TSHomePageController.m */; };
		C8EA7E0A17CC2F15009EED40 /* UIColor+MLPFlatColors.m in Sources */ = {isa = PBXBuildFile; fileRef = C8EA7E0917CC2F15009EED40 /* UIColor+MLPFlatColors.m */; };
		C8EA7E0B17CC2F15009EED40 /* UIColor+MLPFlatColors.m in Sources */ = {isa = PBXBuildFile; fileRef = C8EA7E0917CC2F15009EED40 /* UIColor+MLPFlatColors.m */; };
		C8EA7E0D17CC4F7F009EED40 /* prev_button.png in Resources */ = {isa = PBXBuildFile; fileRef = C8EA7E0C17CC4F7F009EED40 /* prev_button.png */; };
		C8EA7E0E17CC4F7F009EED40 /* prev_button.png in Resources */ = {isa = PBXBuildFile; fileRef = C8EA7E0C17CC4F7F009EED40 /* prev_button.png */; };
		C8EA7E1017CC524A009EED40 /* next_button.png in Resources */ = {isa = PBXBuildFile; fileRef = C8EA7E0F17CC524A009EED40 /* next_button.png */; };
		C8EA7E1117CC524A009EED40 /* next_button.png in Resources */ = {isa = PBXBuildFile; fileRef = C8EA7E0F17CC524A009EED40 /* next_button.png */; };
		C8FF165B17A5DA440064BA83 /* TSCategory.m in Sources */ = {isa = PBXBuildFile; fileRef = C8FF165817A5DA440064BA83 /* TSCategory.m */; };
		C8FF165C17A5DA440064BA83 /* TSCategory.m in Sources */ = {isa = PBXBuildFile; fileRef = C8FF165817A5DA440064BA83 /* TSCategory.m */; };
		C8FF165D17A5DA440064BA83 /* TSCategoryStore.m in Sources */ = {isa = PBXBuildFile; fileRef = C8FF165A17A5DA440064BA83 /* TSCategoryStore.m */; };
		C8FF165E17A5DA440064BA83 /* TSCategoryStore.m in Sources */ = {isa = PBXBuildFile; fileRef = C8FF165A17A5DA440064BA83 /* TSCategoryStore.m */; };
		C8FF166117A5DCFC0064BA83 /* TSListTableViewCell.m in Sources */ = {isa = PBXBuildFile; fileRef = C8FF166017A5DCFC0064BA83 /* TSListTableViewCell.m */; };
		C8FF166217A5DCFC0064BA83 /* TSListTableViewCell.m in Sources */ = {isa = PBXBuildFile; fileRef = C8FF166017A5DCFC0064BA83 /* TSListTableViewCell.m */; };
		C8FF166917A5DD160064BA83 /* MyAlertViewDelegate.m in Sources */ = {isa = PBXBuildFile; fileRef = C8FF166417A5DD160064BA83 /* MyAlertViewDelegate.m */; };
		C8FF166A17A5DD160064BA83 /* MyAlertViewDelegate.m in Sources */ = {isa = PBXBuildFile; fileRef = C8FF166417A5DD160064BA83 /* MyAlertViewDelegate.m */; };
		C8FF166B17A5DD160064BA83 /* TSSlidableCell.m in Sources */ = {isa = PBXBuildFile; fileRef = C8FF166617A5DD160064BA83 /* TSSlidableCell.m */; };
		C8FF166C17A5DD160064BA83 /* TSSlidableCell.m in Sources */ = {isa = PBXBuildFile; fileRef = C8FF166617A5DD160064BA83 /* TSSlidableCell.m */; };
		C8FF166D17A5DD160064BA83 /* ATSDragToReorderTableViewController.m in Sources */ = {isa = PBXBuildFile; fileRef = C8FF166817A5DD160064BA83 /* ATSDragToReorderTableViewController.m */; };
		C8FF166E17A5DD160064BA83 /* ATSDragToReorderTableViewController.m in Sources */ = {isa = PBXBuildFile; fileRef = C8FF166817A5DD160064BA83 /* ATSDragToReorderTableViewController.m */; };
		C8FF167817A5E0DF0064BA83 /* TSListTableViewController.m in Sources */ = {isa = PBXBuildFile; fileRef = C8FF167717A5E0DF0064BA83 /* TSListTableViewController.m */; };
		C8FF167917A5E0DF0064BA83 /* TSListTableViewController.m in Sources */ = {isa = PBXBuildFile; fileRef = C8FF167717A5E0DF0064BA83 /* TSListTableViewController.m */; };
		C8FF167F17A93E310064BA83 /* TSCalendarStore.m in Sources */ = {isa = PBXBuildFile; fileRef = C8FF167E17A93E310064BA83 /* TSCalendarStore.m */; };
/* End PBXBuildFile section */

/* Begin PBXContainerItemProxy section */
		C81972FE16E1BC1400EE65D2 /* PBXContainerItemProxy */ = {
			isa = PBXContainerItemProxy;
			containerPortal = C81972CB16E1BC1400EE65D2 /* Project object */;
			proxyType = 1;
			remoteGlobalIDString = C81972D216E1BC1400EE65D2;
			remoteInfo = "TimeStamp-Homepage";
		};
/* End PBXContainerItemProxy section */

/* Begin PBXFileReference section */
		C81972D316E1BC1400EE65D2 /* TimeStamp.app */ = {isa = PBXFileReference; explicitFileType = wrapper.application; includeInIndex = 0; path = TimeStamp.app; sourceTree = BUILT_PRODUCTS_DIR; };
		C81972D616E1BC1400EE65D2 /* UIKit.framework */ = {isa = PBXFileReference; lastKnownFileType = wrapper.framework; name = UIKit.framework; path = System/Library/Frameworks/UIKit.framework; sourceTree = SDKROOT; };
		C81972D816E1BC1400EE65D2 /* Foundation.framework */ = {isa = PBXFileReference; lastKnownFileType = wrapper.framework; name = Foundation.framework; path = System/Library/Frameworks/Foundation.framework; sourceTree = SDKROOT; };
		C81972DA16E1BC1400EE65D2 /* CoreGraphics.framework */ = {isa = PBXFileReference; lastKnownFileType = wrapper.framework; name = CoreGraphics.framework; path = System/Library/Frameworks/CoreGraphics.framework; sourceTree = SDKROOT; };
		C81972DE16E1BC1400EE65D2 /* TimeStamp-Info.plist */ = {isa = PBXFileReference; lastKnownFileType = text.plist.xml; name = "TimeStamp-Info.plist"; path = "TimeStamp-Homepage/TimeStamp-Info.plist"; sourceTree = "<group>"; };
		C81972E016E1BC1400EE65D2 /* en */ = {isa = PBXFileReference; lastKnownFileType = text.plist.strings; name = en; path = en.lproj/InfoPlist.strings; sourceTree = "<group>"; };
		C81972E216E1BC1400EE65D2 /* main.m */ = {isa = PBXFileReference; lastKnownFileType = sourcecode.c.objc; name = main.m; path = "TimeStamp-Homepage/main.m"; sourceTree = "<group>"; };
		C81972E416E1BC1400EE65D2 /* TimeStamp-Prefix.pch */ = {isa = PBXFileReference; lastKnownFileType = sourcecode.c.h; name = "TimeStamp-Prefix.pch"; path = "TimeStamp-Homepage/TimeStamp-Prefix.pch"; sourceTree = "<group>"; };
		C81972E516E1BC1400EE65D2 /* TSAppDelegate.h */ = {isa = PBXFileReference; lastKnownFileType = sourcecode.c.h; name = TSAppDelegate.h; path = "TimeStamp-Homepage/TSAppDelegate.h"; sourceTree = "<group>"; };
		C81972E616E1BC1400EE65D2 /* TSAppDelegate.m */ = {isa = PBXFileReference; lastKnownFileType = sourcecode.c.objc; name = TSAppDelegate.m; path = "TimeStamp-Homepage/TSAppDelegate.m"; sourceTree = "<group>"; };
		C81972EF16E1BC1400EE65D2 /* en */ = {isa = PBXFileReference; lastKnownFileType = file.storyboard; name = en; path = en.lproj/MainStoryboard.storyboard; sourceTree = "<group>"; };
		C81972F916E1BC1400EE65D2 /* TimeStampTests.octest */ = {isa = PBXFileReference; explicitFileType = wrapper.cfbundle; includeInIndex = 0; path = TimeStampTests.octest; sourceTree = BUILT_PRODUCTS_DIR; };
		C81972FA16E1BC1400EE65D2 /* SenTestingKit.framework */ = {isa = PBXFileReference; lastKnownFileType = wrapper.framework; name = SenTestingKit.framework; path = Library/Frameworks/SenTestingKit.framework; sourceTree = DEVELOPER_DIR; };
		C819730216E1BC1400EE65D2 /* TimeStampTests-Info.plist */ = {isa = PBXFileReference; lastKnownFileType = text.plist.xml; path = "TimeStampTests-Info.plist"; sourceTree = "<group>"; };
		C819730416E1BC1400EE65D2 /* en */ = {isa = PBXFileReference; lastKnownFileType = text.plist.strings; name = en; path = en.lproj/InfoPlist.strings; sourceTree = "<group>"; };
		C819730616E1BC1400EE65D2 /* TimeStamp_HomepageTests.h */ = {isa = PBXFileReference; lastKnownFileType = sourcecode.c.h; path = TimeStamp_HomepageTests.h; sourceTree = "<group>"; };
		C819730716E1BC1400EE65D2 /* TimeStamp_HomepageTests.m */ = {isa = PBXFileReference; lastKnownFileType = sourcecode.c.objc; path = TimeStamp_HomepageTests.m; sourceTree = "<group>"; };
		C81DED06177E652F00317312 /* TSMainView.h */ = {isa = PBXFileReference; fileEncoding = 4; lastKnownFileType = sourcecode.c.h; name = TSMainView.h; path = "TimeStamp-Homepage/TSMainView.h"; sourceTree = "<group>"; };
		C81DED07177E652F00317312 /* TSMainView.m */ = {isa = PBXFileReference; fileEncoding = 4; lastKnownFileType = sourcecode.c.objc; name = TSMainView.m; path = "TimeStamp-Homepage/TSMainView.m"; sourceTree = "<group>"; };
		C828E63E176D5CBB000DA3CA /* UIColor+CalendarPalette.h */ = {isa = PBXFileReference; fileEncoding = 4; lastKnownFileType = sourcecode.c.h; name = "UIColor+CalendarPalette.h"; path = "TimeStamp-Homepage/UIColor+CalendarPalette.h"; sourceTree = "<group>"; };
		C828E63F176D5CBB000DA3CA /* UIColor+CalendarPalette.m */ = {isa = PBXFileReference; fileEncoding = 4; lastKnownFileType = sourcecode.c.objc; name = "UIColor+CalendarPalette.m"; path = "TimeStamp-Homepage/UIColor+CalendarPalette.m"; sourceTree = "<group>"; };
		C83B5F0C17D38D32006F4BC7 /* DMLazyScrollView.h */ = {isa = PBXFileReference; fileEncoding = 4; lastKnownFileType = sourcecode.c.h; path = DMLazyScrollView.h; sourceTree = "<group>"; };
		C83B5F0D17D38D32006F4BC7 /* DMLazyScrollView.m */ = {isa = PBXFileReference; fileEncoding = 4; lastKnownFileType = sourcecode.c.objc; path = DMLazyScrollView.m; sourceTree = "<group>"; };
		C83B5F1417D39612006F4BC7 /* TSMainViewController.h */ = {isa = PBXFileReference; fileEncoding = 4; lastKnownFileType = sourcecode.c.h; path = TSMainViewController.h; sourceTree = "<group>"; };
		C83B5F1517D39612006F4BC7 /* TSMainViewController.m */ = {isa = PBXFileReference; fileEncoding = 4; lastKnownFileType = sourcecode.c.objc; path = TSMainViewController.m; sourceTree = "<group>"; };
		C83B5F1817D3A626006F4BC7 /* home_icon_blue.png */ = {isa = PBXFileReference; lastKnownFileType = image.png; path = home_icon_blue.png; sourceTree = "<group>"; };
		C83B5F1917D3A626006F4BC7 /* gear_icon_blue.png */ = {isa = PBXFileReference; lastKnownFileType = image.png; path = gear_icon_blue.png; sourceTree = "<group>"; };
		C83B5F1A17D3A626006F4BC7 /* data_icon_blue.png */ = {isa = PBXFileReference; lastKnownFileType = image.png; path = data_icon_blue.png; sourceTree = "<group>"; };
		C83BC71C17EE948400A556EC /* TSTutorialViewController.h */ = {isa = PBXFileReference; fileEncoding = 4; lastKnownFileType = sourcecode.c.h; path = TSTutorialViewController.h; sourceTree = "<group>"; };
		C83BC71D17EE948400A556EC /* TSTutorialViewController.m */ = {isa = PBXFileReference; fileEncoding = 4; lastKnownFileType = sourcecode.c.objc; path = TSTutorialViewController.m; sourceTree = "<group>"; };
		C83D1BA11818C70400482ACC /* Icon.png */ = {isa = PBXFileReference; lastKnownFileType = image.png; path = Icon.png; sourceTree = "<group>"; };
		C83D1BA21818C70400482ACC /* Icon@2x.png */ = {isa = PBXFileReference; lastKnownFileType = image.png; path = "Icon@2x.png"; sourceTree = "<group>"; };
		C83D1BA61818DE1900482ACC /* Tutorial-1.png */ = {isa = PBXFileReference; lastKnownFileType = image.png; path = "Tutorial-1.png"; sourceTree = "<group>"; };
		C83D1BA71818DE1900482ACC /* Tutorial-2.png */ = {isa = PBXFileReference; lastKnownFileType = image.png; path = "Tutorial-2.png"; sourceTree = "<group>"; };
		C83D1BA81818DE1900482ACC /* Tutorial-3.png */ = {isa = PBXFileReference; lastKnownFileType = image.png; path = "Tutorial-3.png"; sourceTree = "<group>"; };
		C83D1BA91818DE1900482ACC /* Tutorial-4.png */ = {isa = PBXFileReference; lastKnownFileType = image.png; path = "Tutorial-4.png"; sourceTree = "<group>"; };
		C83D1BAA1818DE1900482ACC /* Tutorial-5.png */ = {isa = PBXFileReference; lastKnownFileType = image.png; path = "Tutorial-5.png"; sourceTree = "<group>"; };
		C83D1BAB1818DE1900482ACC /* Tutorial-6.png */ = {isa = PBXFileReference; lastKnownFileType = image.png; path = "Tutorial-6.png"; sourceTree = "<group>"; };
		C83D1BB71818E4CE00482ACC /* Tutorial-0.png */ = {isa = PBXFileReference; lastKnownFileType = image.png; path = "Tutorial-0.png"; sourceTree = "<group>"; };
		C83D1BBD1818E8A700482ACC /* GetStarted_Sel.png */ = {isa = PBXFileReference; lastKnownFileType = image.png; path = GetStarted_Sel.png; sourceTree = "<group>"; };
		C83D1BBE1818E8A700482ACC /* GetStarted.png */ = {isa = PBXFileReference; lastKnownFileType = image.png; path = GetStarted.png; sourceTree = "<group>"; };
		C83D1BC11818E92C00482ACC /* Tutorial.png */ = {isa = PBXFileReference; lastKnownFileType = image.png; path = Tutorial.png; sourceTree = "<group>"; };
		C85A785417792BF5004B088B /* EventKit.framework */ = {isa = PBXFileReference; lastKnownFileType = wrapper.framework; name = EventKit.framework; path = System/Library/Frameworks/EventKit.framework; sourceTree = SDKROOT; };
		C85A785617792BFC004B088B /* EventKitUI.framework */ = {isa = PBXFileReference; lastKnownFileType = wrapper.framework; name = EventKitUI.framework; path = System/Library/Frameworks/EventKitUI.framework; sourceTree = SDKROOT; };
		C86D48EC17E5553900401CF3 /* ClassEventCell.h */ = {isa = PBXFileReference; fileEncoding = 4; lastKnownFileType = sourcecode.c.h; path = ClassEventCell.h; sourceTree = "<group>"; };
		C86D48ED17E5553900401CF3 /* ClassEventCell.m */ = {isa = PBXFileReference; fileEncoding = 4; lastKnownFileType = sourcecode.c.objc; path = ClassEventCell.m; sourceTree = "<group>"; };
		C86D48EE17E5553900401CF3 /* ClassEventCell.xib */ = {isa = PBXFileReference; fileEncoding = 4; lastKnownFileType = file.xib; path = ClassEventCell.xib; sourceTree = "<group>"; };
		C86D48EF17E5553900401CF3 /* ColumnGraphView.h */ = {isa = PBXFileReference; fileEncoding = 4; lastKnownFileType = sourcecode.c.h; path = ColumnGraphView.h; sourceTree = "<group>"; };
		C86D48F017E5553900401CF3 /* ColumnGraphView.m */ = {isa = PBXFileReference; fileEncoding = 4; lastKnownFileType = sourcecode.c.objc; path = ColumnGraphView.m; sourceTree = "<group>"; };
		C86D48F117E5553900401CF3 /* Default-568h@2x.png */ = {isa = PBXFileReference; lastKnownFileType = image.png; path = "Default-568h@2x.png"; sourceTree = "<group>"; };
		C86D48F217E5553900401CF3 /* Default.png */ = {isa = PBXFileReference; lastKnownFileType = image.png; path = Default.png; sourceTree = "<group>"; };
		C86D48F317E5553900401CF3 /* Default@2x.png */ = {isa = PBXFileReference; lastKnownFileType = image.png; path = "Default@2x.png"; sourceTree = "<group>"; };
		C86D48F517E5553900401CF3 /* en */ = {isa = PBXFileReference; lastKnownFileType = text.plist.strings; name = en; path = en.lproj/InfoPlist.strings; sourceTree = "<group>"; };
		C86D48F617E5553900401CF3 /* EventCell.h */ = {isa = PBXFileReference; fileEncoding = 4; lastKnownFileType = sourcecode.c.h; path = EventCell.h; sourceTree = "<group>"; };
		C86D48F717E5553900401CF3 /* EventCell.m */ = {isa = PBXFileReference; fileEncoding = 4; lastKnownFileType = sourcecode.c.objc; path = EventCell.m; sourceTree = "<group>"; };
		C86D48F817E5553900401CF3 /* EventCell.xib */ = {isa = PBXFileReference; fileEncoding = 4; lastKnownFileType = file.xib; path = EventCell.xib; sourceTree = "<group>"; };
		C86D48F917E5553900401CF3 /* EventKitData.h */ = {isa = PBXFileReference; fileEncoding = 4; lastKnownFileType = sourcecode.c.h; path = EventKitData.h; sourceTree = "<group>"; };
		C86D48FA17E5553900401CF3 /* EventKitData.m */ = {isa = PBXFileReference; fileEncoding = 4; lastKnownFileType = sourcecode.c.objc; path = EventKitData.m; sourceTree = "<group>"; };
		C86D48FB17E5553900401CF3 /* EventViewController.h */ = {isa = PBXFileReference; fileEncoding = 4; lastKnownFileType = sourcecode.c.h; path = EventViewController.h; sourceTree = "<group>"; };
		C86D48FC17E5553900401CF3 /* EventViewController.m */ = {isa = PBXFileReference; fileEncoding = 4; lastKnownFileType = sourcecode.c.objc; path = EventViewController.m; sourceTree = "<group>"; };
		C86D48FD17E5553900401CF3 /* EventViewController.xib */ = {isa = PBXFileReference; fileEncoding = 4; lastKnownFileType = file.xib; path = EventViewController.xib; sourceTree = "<group>"; };
		C86D48FE17E5553900401CF3 /* GraphViewController.h */ = {isa = PBXFileReference; fileEncoding = 4; lastKnownFileType = sourcecode.c.h; path = GraphViewController.h; sourceTree = "<group>"; };
		C86D48FF17E5553900401CF3 /* GraphViewController.m */ = {isa = PBXFileReference; fileEncoding = 4; lastKnownFileType = sourcecode.c.objc; path = GraphViewController.m; sourceTree = "<group>"; };
		C86D490017E5553900401CF3 /* GraphViewController.xib */ = {isa = PBXFileReference; fileEncoding = 4; lastKnownFileType = file.xib; path = GraphViewController.xib; sourceTree = "<group>"; };
		C86D490417E5553900401CF3 /* MySingleton.h */ = {isa = PBXFileReference; fileEncoding = 4; lastKnownFileType = sourcecode.c.h; path = MySingleton.h; sourceTree = "<group>"; };
		C86D490517E5553900401CF3 /* MySingleton.m */ = {isa = PBXFileReference; fileEncoding = 4; lastKnownFileType = sourcecode.c.objc; path = MySingleton.m; sourceTree = "<group>"; };
		C86D490617E5553900401CF3 /* PieChartView.h */ = {isa = PBXFileReference; fileEncoding = 4; lastKnownFileType = sourcecode.c.h; path = PieChartView.h; sourceTree = "<group>"; };
		C86D490717E5553900401CF3 /* PieChartView.m */ = {isa = PBXFileReference; fileEncoding = 4; lastKnownFileType = sourcecode.c.objc; path = PieChartView.m; sourceTree = "<group>"; };
		C86D490817E5553900401CF3 /* SingleCalendarViewController.h */ = {isa = PBXFileReference; fileEncoding = 4; lastKnownFileType = sourcecode.c.h; path = SingleCalendarViewController.h; sourceTree = "<group>"; };
		C86D490917E5553900401CF3 /* SingleCalendarViewController.m */ = {isa = PBXFileReference; fileEncoding = 4; lastKnownFileType = sourcecode.c.objc; path = SingleCalendarViewController.m; sourceTree = "<group>"; };
		C86D490A17E5553900401CF3 /* SingleCalendarViewController.xib */ = {isa = PBXFileReference; fileEncoding = 4; lastKnownFileType = file.xib; path = SingleCalendarViewController.xib; sourceTree = "<group>"; };
		C86D490B17E5553900401CF3 /* TableHeaderToolBar.h */ = {isa = PBXFileReference; fileEncoding = 4; lastKnownFileType = sourcecode.c.h; path = TableHeaderToolBar.h; sourceTree = "<group>"; };
		C86D490C17E5553900401CF3 /* TableHeaderToolBar.m */ = {isa = PBXFileReference; fileEncoding = 4; lastKnownFileType = sourcecode.c.objc; path = TableHeaderToolBar.m; sourceTree = "<group>"; };
		C86D490D17E5553900401CF3 /* TimePeriodToolbar.h */ = {isa = PBXFileReference; fileEncoding = 4; lastKnownFileType = sourcecode.c.h; path = TimePeriodToolbar.h; sourceTree = "<group>"; };
		C86D490E17E5553900401CF3 /* TimePeriodToolbar.m */ = {isa = PBXFileReference; fileEncoding = 4; lastKnownFileType = sourcecode.c.objc; path = TimePeriodToolbar.m; sourceTree = "<group>"; };
		C86D491117E5553900401CF3 /* TotalHourCell.h */ = {isa = PBXFileReference; fileEncoding = 4; lastKnownFileType = sourcecode.c.h; path = TotalHourCell.h; sourceTree = "<group>"; };
		C86D491217E5553900401CF3 /* TotalHourCell.m */ = {isa = PBXFileReference; fileEncoding = 4; lastKnownFileType = sourcecode.c.objc; path = TotalHourCell.m; sourceTree = "<group>"; };
		C86D491317E5553900401CF3 /* TotalHourCell.xib */ = {isa = PBXFileReference; fileEncoding = 4; lastKnownFileType = file.xib; path = TotalHourCell.xib; sourceTree = "<group>"; };
		C86D491417E5553900401CF3 /* TotalHoursViewController.h */ = {isa = PBXFileReference; fileEncoding = 4; lastKnownFileType = sourcecode.c.h; path = TotalHoursViewController.h; sourceTree = "<group>"; };
		C86D491517E5553900401CF3 /* TotalHoursViewController.m */ = {isa = PBXFileReference; fileEncoding = 4; lastKnownFileType = sourcecode.c.objc; path = TotalHoursViewController.m; sourceTree = "<group>"; };
		C86D491617E5553900401CF3 /* TotalHoursViewController.xib */ = {isa = PBXFileReference; fileEncoding = 4; lastKnownFileType = file.xib; path = TotalHoursViewController.xib; sourceTree = "<group>"; };
		C86D491717E5553900401CF3 /* TrendGraphView.h */ = {isa = PBXFileReference; fileEncoding = 4; lastKnownFileType = sourcecode.c.h; path = TrendGraphView.h; sourceTree = "<group>"; };
		C86D491817E5553900401CF3 /* TrendGraphView.m */ = {isa = PBXFileReference; fileEncoding = 4; lastKnownFileType = sourcecode.c.objc; path = TrendGraphView.m; sourceTree = "<group>"; };
		C86D491917E5553900401CF3 /* TrendGraphViewController.h */ = {isa = PBXFileReference; fileEncoding = 4; lastKnownFileType = sourcecode.c.h; path = TrendGraphViewController.h; sourceTree = "<group>"; };
		C86D491A17E5553900401CF3 /* TrendGraphViewController.m */ = {isa = PBXFileReference; fileEncoding = 4; lastKnownFileType = sourcecode.c.objc; path = TrendGraphViewController.m; sourceTree = "<group>"; };
		C86D491B17E5553900401CF3 /* TrendGraphViewController.xib */ = {isa = PBXFileReference; fileEncoding = 4; lastKnownFileType = file.xib; path = TrendGraphViewController.xib; sourceTree = "<group>"; };
		C86D491C17E5553900401CF3 /* TSCalendarSegment.h */ = {isa = PBXFileReference; fileEncoding = 4; lastKnownFileType = sourcecode.c.h; path = TSCalendarSegment.h; sourceTree = "<group>"; };
		C86D491D17E5553900401CF3 /* TSCalendarSegment.m */ = {isa = PBXFileReference; fileEncoding = 4; lastKnownFileType = sourcecode.c.objc; path = TSCalendarSegment.m; sourceTree = "<group>"; };
		C86D491E17E5553900401CF3 /* UtilityMethods.h */ = {isa = PBXFileReference; fileEncoding = 4; lastKnownFileType = sourcecode.c.h; path = UtilityMethods.h; sourceTree = "<group>"; };
		C86D491F17E5553900401CF3 /* UtilityMethods.m */ = {isa = PBXFileReference; fileEncoding = 4; lastKnownFileType = sourcecode.c.objc; path = UtilityMethods.m; sourceTree = "<group>"; };
		C86D494217E5590D00401CF3 /* TSTabBar.h */ = {isa = PBXFileReference; fileEncoding = 4; lastKnownFileType = sourcecode.c.h; path = TSTabBar.h; sourceTree = "<group>"; };
		C86D494317E5590D00401CF3 /* TSTabBar.m */ = {isa = PBXFileReference; fileEncoding = 4; lastKnownFileType = sourcecode.c.objc; path = TSTabBar.m; sourceTree = "<group>"; };
		C8883A1A18190C7200D7806A /* SystemConfiguration.framework */ = {isa = PBXFileReference; lastKnownFileType = wrapper.framework; name = SystemConfiguration.framework; path = System/Library/Frameworks/SystemConfiguration.framework; sourceTree = SDKROOT; };
		C8883A1C18190C7C00D7806A /* AdSupport.framework */ = {isa = PBXFileReference; lastKnownFileType = wrapper.framework; name = AdSupport.framework; path = System/Library/Frameworks/AdSupport.framework; sourceTree = SDKROOT; };
		C8883A26181910AF00D7806A /* Security.framework */ = {isa = PBXFileReference; lastKnownFileType = wrapper.framework; name = Security.framework; path = System/Library/Frameworks/Security.framework; sourceTree = SDKROOT; };
		C88D652616FA52D400F356CE /* QuartzCore.framework */ = {isa = PBXFileReference; lastKnownFileType = wrapper.framework; name = QuartzCore.framework; path = System/Library/Frameworks/QuartzCore.framework; sourceTree = SDKROOT; };
		C8A6C7BC17ADE3180086FED4 /* Calendar.png */ = {isa = PBXFileReference; lastKnownFileType = image.png; path = Calendar.png; sourceTree = "<group>"; };
		C8A6C7BE17ADE3180086FED4 /* English */ = {isa = PBXFileReference; lastKnownFileType = text.plist.strings; name = English; path = English.lproj/GCCalendar.strings; sourceTree = "<group>"; };
		C8A6C7BF17ADE3180086FED4 /* French */ = {isa = PBXFileReference; lastKnownFileType = text.plist.strings; name = French; path = French.lproj/GCCalendar.strings; sourceTree = "<group>"; };
		C8A6C7C017ADE3180086FED4 /* GCCalendar.h */ = {isa = PBXFileReference; fileEncoding = 4; lastKnownFileType = sourcecode.c.h; path = GCCalendar.h; sourceTree = "<group>"; };
		C8A6C7C117ADE3180086FED4 /* GCCalendar.m */ = {isa = PBXFileReference; fileEncoding = 4; lastKnownFileType = sourcecode.c.objc; path = GCCalendar.m; sourceTree = "<group>"; };
		C8A6C7C217ADE3180086FED4 /* GCCalendarEvent.h */ = {isa = PBXFileReference; fileEncoding = 4; lastKnownFileType = sourcecode.c.h; path = GCCalendarEvent.h; sourceTree = "<group>"; };
		C8A6C7C317ADE3180086FED4 /* GCCalendarEvent.m */ = {isa = PBXFileReference; fileEncoding = 4; lastKnownFileType = sourcecode.c.objc; path = GCCalendarEvent.m; sourceTree = "<group>"; };
		C8A6C7C417ADE3180086FED4 /* GCCalendarProtocols.h */ = {isa = PBXFileReference; fileEncoding = 4; lastKnownFileType = sourcecode.c.h; path = GCCalendarProtocols.h; sourceTree = "<group>"; };
		C8A6C7C517ADE3180086FED4 /* GCCalendarTile.h */ = {isa = PBXFileReference; fileEncoding = 4; lastKnownFileType = sourcecode.c.h; path = GCCalendarTile.h; sourceTree = "<group>"; };
		C8A6C7C617ADE3180086FED4 /* GCCalendarTile.m */ = {isa = PBXFileReference; fileEncoding = 4; lastKnownFileType = sourcecode.c.objc; path = GCCalendarTile.m; sourceTree = "<group>"; };
		C8A6C7C717ADE3180086FED4 /* GCCalendarTodayView.h */ = {isa = PBXFileReference; fileEncoding = 4; lastKnownFileType = sourcecode.c.h; path = GCCalendarTodayView.h; sourceTree = "<group>"; };
		C8A6C7C817ADE3180086FED4 /* GCCalendarTodayView.m */ = {isa = PBXFileReference; fileEncoding = 4; lastKnownFileType = sourcecode.c.objc; path = GCCalendarTodayView.m; sourceTree = "<group>"; };
		C8A6C7C917ADE3180086FED4 /* GCCalendarView.h */ = {isa = PBXFileReference; fileEncoding = 4; lastKnownFileType = sourcecode.c.h; path = GCCalendarView.h; sourceTree = "<group>"; };
		C8A6C7CA17ADE3180086FED4 /* GCCalendarView.m */ = {isa = PBXFileReference; fileEncoding = 4; lastKnownFileType = sourcecode.c.objc; path = GCCalendarView.m; sourceTree = "<group>"; };
		C8A6C7CB17ADE3180086FED4 /* GCDatePickerControlBackground.png */ = {isa = PBXFileReference; lastKnownFileType = image.png; path = GCDatePickerControlBackground.png; sourceTree = "<group>"; };
		C8A6C7CC17ADE3180086FED4 /* GCDatePickerControlLeft.png */ = {isa = PBXFileReference; lastKnownFileType = image.png; path = GCDatePickerControlLeft.png; sourceTree = "<group>"; };
		C8A6C7CD17ADE3180086FED4 /* GCDatePickerControlRight.png */ = {isa = PBXFileReference; lastKnownFileType = image.png; path = GCDatePickerControlRight.png; sourceTree = "<group>"; };
		C8A6C7CE17ADE3180086FED4 /* GCGlobalSettings.h */ = {isa = PBXFileReference; fileEncoding = 4; lastKnownFileType = sourcecode.c.h; path = GCGlobalSettings.h; sourceTree = "<group>"; };
		C8A6C7E317ADE44D0086FED4 /* TSDayViewController.h */ = {isa = PBXFileReference; fileEncoding = 4; lastKnownFileType = sourcecode.c.h; path = TSDayViewController.h; sourceTree = "<group>"; };
		C8A6C7E417ADE44D0086FED4 /* TSDayViewController.m */ = {isa = PBXFileReference; fileEncoding = 4; lastKnownFileType = sourcecode.c.objc; path = TSDayViewController.m; sourceTree = "<group>"; };
		C8B93BB017BFD86500759246 /* TSAddNewTableViewCell.h */ = {isa = PBXFileReference; fileEncoding = 4; lastKnownFileType = sourcecode.c.h; path = TSAddNewTableViewCell.h; sourceTree = "<group>"; };
		C8B93BB117BFD86500759246 /* TSAddNewTableViewCell.m */ = {isa = PBXFileReference; fileEncoding = 4; lastKnownFileType = sourcecode.c.objc; path = TSAddNewTableViewCell.m; sourceTree = "<group>"; };
		C8B93BB317BFFD0400759246 /* plus_sign.png */ = {isa = PBXFileReference; lastKnownFileType = image.png; path = plus_sign.png; sourceTree = "<group>"; };
		C8B93BB517C127DB00759246 /* grey_cross_red_glow.png */ = {isa = PBXFileReference; lastKnownFileType = image.png; path = grey_cross_red_glow.png; sourceTree = "<group>"; };
		C8B93BB617C127DB00759246 /* grey_cross.png */ = {isa = PBXFileReference; lastKnownFileType = image.png; path = grey_cross.png; sourceTree = "<group>"; };
		C8E4A58F17C26FFB002504B0 /* down_arrow.png */ = {isa = PBXFileReference; lastKnownFileType = image.png; path = down_arrow.png; sourceTree = "<group>"; };
		C8E4A59017C26FFB002504B0 /* up_arrow.png */ = {isa = PBXFileReference; lastKnownFileType = image.png; path = up_arrow.png; sourceTree = "<group>"; };
		C8EA7E0817CC2F15009EED40 /* UIColor+MLPFlatColors.h */ = {isa = PBXFileReference; fileEncoding = 4; lastKnownFileType = sourcecode.c.h; path = "UIColor+MLPFlatColors.h"; sourceTree = "<group>"; };
		C8EA7E0917CC2F15009EED40 /* UIColor+MLPFlatColors.m */ = {isa = PBXFileReference; fileEncoding = 4; lastKnownFileType = sourcecode.c.objc; path = "UIColor+MLPFlatColors.m"; sourceTree = "<group>"; };
		C8EA7E0C17CC4F7F009EED40 /* prev_button.png */ = {isa = PBXFileReference; lastKnownFileType = image.png; name = prev_button.png; path = "TimeStamp-Homepage/prev_button.png"; sourceTree = "<group>"; };
		C8EA7E0F17CC524A009EED40 /* next_button.png */ = {isa = PBXFileReference; lastKnownFileType = image.png; name = next_button.png; path = "TimeStamp-Homepage/next_button.png"; sourceTree = "<group>"; };
		C8FF165717A5DA440064BA83 /* TSCategory.h */ = {isa = PBXFileReference; fileEncoding = 4; lastKnownFileType = sourcecode.c.h; path = TSCategory.h; sourceTree = "<group>"; };
		C8FF165817A5DA440064BA83 /* TSCategory.m */ = {isa = PBXFileReference; fileEncoding = 4; lastKnownFileType = sourcecode.c.objc; path = TSCategory.m; sourceTree = "<group>"; };
		C8FF165917A5DA440064BA83 /* TSCategoryStore.h */ = {isa = PBXFileReference; fileEncoding = 4; lastKnownFileType = sourcecode.c.h; path = TSCategoryStore.h; sourceTree = "<group>"; };
		C8FF165A17A5DA440064BA83 /* TSCategoryStore.m */ = {isa = PBXFileReference; fileEncoding = 4; lastKnownFileType = sourcecode.c.objc; path = TSCategoryStore.m; sourceTree = "<group>"; };
		C8FF165F17A5DCFC0064BA83 /* TSListTableViewCell.h */ = {isa = PBXFileReference; fileEncoding = 4; lastKnownFileType = sourcecode.c.h; path = TSListTableViewCell.h; sourceTree = "<group>"; };
		C8FF166017A5DCFC0064BA83 /* TSListTableViewCell.m */ = {isa = PBXFileReference; fileEncoding = 4; lastKnownFileType = sourcecode.c.objc; path = TSListTableViewCell.m; sourceTree = "<group>"; };
		C8FF166317A5DD160064BA83 /* MyAlertViewDelegate.h */ = {isa = PBXFileReference; fileEncoding = 4; lastKnownFileType = sourcecode.c.h; path = MyAlertViewDelegate.h; sourceTree = "<group>"; };
		C8FF166417A5DD160064BA83 /* MyAlertViewDelegate.m */ = {isa = PBXFileReference; fileEncoding = 4; lastKnownFileType = sourcecode.c.objc; path = MyAlertViewDelegate.m; sourceTree = "<group>"; };
		C8FF166517A5DD160064BA83 /* TSSlidableCell.h */ = {isa = PBXFileReference; fileEncoding = 4; lastKnownFileType = sourcecode.c.h; path = TSSlidableCell.h; sourceTree = "<group>"; };
		C8FF166617A5DD160064BA83 /* TSSlidableCell.m */ = {isa = PBXFileReference; fileEncoding = 4; lastKnownFileType = sourcecode.c.objc; path = TSSlidableCell.m; sourceTree = "<group>"; };
		C8FF166717A5DD160064BA83 /* ATSDragToReorderTableViewController.h */ = {isa = PBXFileReference; fileEncoding = 4; lastKnownFileType = sourcecode.c.h; path = ATSDragToReorderTableViewController.h; sourceTree = "<group>"; };
		C8FF166817A5DD160064BA83 /* ATSDragToReorderTableViewController.m */ = {isa = PBXFileReference; fileEncoding = 4; lastKnownFileType = sourcecode.c.objc; path = ATSDragToReorderTableViewController.m; sourceTree = "<group>"; };
		C8FF167617A5E0DF0064BA83 /* TSListTableViewController.h */ = {isa = PBXFileReference; fileEncoding = 4; lastKnownFileType = sourcecode.c.h; path = TSListTableViewController.h; sourceTree = "<group>"; };
		C8FF167717A5E0DF0064BA83 /* TSListTableViewController.m */ = {isa = PBXFileReference; fileEncoding = 4; lastKnownFileType = sourcecode.c.objc; path = TSListTableViewController.m; sourceTree = "<group>"; };
		C8FF167A17A617620064BA83 /* TSHomePageController.h */ = {isa = PBXFileReference; fileEncoding = 4; lastKnownFileType = sourcecode.c.h; path = TSHomePageController.h; sourceTree = "<group>"; };
		C8FF167B17A617630064BA83 /* TSHomePageController.m */ = {isa = PBXFileReference; fileEncoding = 4; lastKnownFileType = sourcecode.c.objc; path = TSHomePageController.m; sourceTree = "<group>"; };
		C8FF167D17A93E310064BA83 /* TSCalendarStore.h */ = {isa = PBXFileReference; fileEncoding = 4; lastKnownFileType = sourcecode.c.h; path = TSCalendarStore.h; sourceTree = "<group>"; };
		C8FF167E17A93E310064BA83 /* TSCalendarStore.m */ = {isa = PBXFileReference; fileEncoding = 4; lastKnownFileType = sourcecode.c.objc; path = TSCalendarStore.m; sourceTree = "<group>"; };
/* End PBXFileReference section */

/* Begin PBXFrameworksBuildPhase section */
		C81972D016E1BC1400EE65D2 /* Frameworks */ = {
			isa = PBXFrameworksBuildPhase;
			buildActionMask = 2147483647;
			files = (
				C85A785717792BFC004B088B /* EventKitUI.framework in Frameworks */,
				C85A785517792BF5004B088B /* EventKit.framework in Frameworks */,
				C88D652716FA52D400F356CE /* QuartzCore.framework in Frameworks */,
				C81972D716E1BC1400EE65D2 /* UIKit.framework in Frameworks */,
				C81972D916E1BC1400EE65D2 /* Foundation.framework in Frameworks */,
				C81972DB16E1BC1400EE65D2 /* CoreGraphics.framework in Frameworks */,
			);
			runOnlyForDeploymentPostprocessing = 0;
		};
		C81972F516E1BC1400EE65D2 /* Frameworks */ = {
			isa = PBXFrameworksBuildPhase;
			buildActionMask = 2147483647;
			files = (
				C81972FB16E1BC1400EE65D2 /* SenTestingKit.framework in Frameworks */,
				C81972FC16E1BC1400EE65D2 /* UIKit.framework in Frameworks */,
				C81972FD16E1BC1400EE65D2 /* Foundation.framework in Frameworks */,
			);
			runOnlyForDeploymentPostprocessing = 0;
		};
/* End PBXFrameworksBuildPhase section */

/* Begin PBXGroup section */
		C81972CA16E1BC1400EE65D2 = {
			isa = PBXGroup;
			children = (
				C86D48E917E5553900401CF3 /* CalendarTracker */,
				C81972EE16E1BC1400EE65D2 /* MainStoryboard.storyboard */,
				C8FF165117A5D8D30064BA83 /* App Delegate */,
				C8FF166F17A5DD410064BA83 /* Categories */,
				C8FF164D17A5D7030064BA83 /* Controllers */,
				C8FF164E17A5D89D0064BA83 /* Models */,
				C8FF164F17A5D8B50064BA83 /* Views */,
				C8FF165017A5D8C30064BA83 /* Resources */,
				C8A6C7BB17ADE3180086FED4 /* GCCalendar */,
				C8FF165217A5D8DF0064BA83 /* Supporting Files */,
				C819730016E1BC1400EE65D2 /* TimeStamp-HomepageTests */,
				C81972D516E1BC1400EE65D2 /* Frameworks */,
				C81972D416E1BC1400EE65D2 /* Products */,
			);
			sourceTree = "<group>";
		};
		C81972D416E1BC1400EE65D2 /* Products */ = {
			isa = PBXGroup;
			children = (
				C81972D316E1BC1400EE65D2 /* TimeStamp.app */,
				C81972F916E1BC1400EE65D2 /* TimeStampTests.octest */,
			);
			name = Products;
			sourceTree = "<group>";
		};
		C81972D516E1BC1400EE65D2 /* Frameworks */ = {
			isa = PBXGroup;
			children = (
				C8883A26181910AF00D7806A /* Security.framework */,
				C8883A1C18190C7C00D7806A /* AdSupport.framework */,
				C8883A1A18190C7200D7806A /* SystemConfiguration.framework */,
				C88D652616FA52D400F356CE /* QuartzCore.framework */,
				C85A785617792BFC004B088B /* EventKitUI.framework */,
				C85A785417792BF5004B088B /* EventKit.framework */,
				C81972D616E1BC1400EE65D2 /* UIKit.framework */,
				C81972D816E1BC1400EE65D2 /* Foundation.framework */,
				C81972DA16E1BC1400EE65D2 /* CoreGraphics.framework */,
				C81972FA16E1BC1400EE65D2 /* SenTestingKit.framework */,
			);
			name = Frameworks;
			sourceTree = "<group>";
		};
		C819730016E1BC1400EE65D2 /* TimeStamp-HomepageTests */ = {
			isa = PBXGroup;
			children = (
				C819730616E1BC1400EE65D2 /* TimeStamp_HomepageTests.h */,
				C819730716E1BC1400EE65D2 /* TimeStamp_HomepageTests.m */,
				C819730116E1BC1400EE65D2 /* Supporting Files */,
			);
			path = "TimeStamp-HomepageTests";
			sourceTree = "<group>";
		};
		C819730116E1BC1400EE65D2 /* Supporting Files */ = {
			isa = PBXGroup;
			children = (
				C819730216E1BC1400EE65D2 /* TimeStampTests-Info.plist */,
				C819730316E1BC1400EE65D2 /* InfoPlist.strings */,
			);
			name = "Supporting Files";
			sourceTree = "<group>";
		};
		C86D48E917E5553900401CF3 /* CalendarTracker */ = {
			isa = PBXGroup;
			children = (
				C86D48EC17E5553900401CF3 /* ClassEventCell.h */,
				C86D48ED17E5553900401CF3 /* ClassEventCell.m */,
				C86D48EE17E5553900401CF3 /* ClassEventCell.xib */,
				C86D48EF17E5553900401CF3 /* ColumnGraphView.h */,
				C86D48F017E5553900401CF3 /* ColumnGraphView.m */,
				C86D48F117E5553900401CF3 /* Default-568h@2x.png */,
				C86D48F217E5553900401CF3 /* Default.png */,
				C86D48F317E5553900401CF3 /* Default@2x.png */,
				C86D48F417E5553900401CF3 /* InfoPlist.strings */,
				C86D48F617E5553900401CF3 /* EventCell.h */,
				C86D48F717E5553900401CF3 /* EventCell.m */,
				C86D48F817E5553900401CF3 /* EventCell.xib */,
				C86D48F917E5553900401CF3 /* EventKitData.h */,
				C86D48FA17E5553900401CF3 /* EventKitData.m */,
				C86D48FB17E5553900401CF3 /* EventViewController.h */,
				C86D48FC17E5553900401CF3 /* EventViewController.m */,
				C86D48FD17E5553900401CF3 /* EventViewController.xib */,
				C86D48FE17E5553900401CF3 /* GraphViewController.h */,
				C86D48FF17E5553900401CF3 /* GraphViewController.m */,
				C86D490017E5553900401CF3 /* GraphViewController.xib */,
				C86D490417E5553900401CF3 /* MySingleton.h */,
				C86D490517E5553900401CF3 /* MySingleton.m */,
				C86D490617E5553900401CF3 /* PieChartView.h */,
				C86D490717E5553900401CF3 /* PieChartView.m */,
				C86D490817E5553900401CF3 /* SingleCalendarViewController.h */,
				C86D490917E5553900401CF3 /* SingleCalendarViewController.m */,
				C86D490A17E5553900401CF3 /* SingleCalendarViewController.xib */,
				C86D490B17E5553900401CF3 /* TableHeaderToolBar.h */,
				C86D490C17E5553900401CF3 /* TableHeaderToolBar.m */,
				C86D490D17E5553900401CF3 /* TimePeriodToolbar.h */,
				C86D490E17E5553900401CF3 /* TimePeriodToolbar.m */,
				C86D491117E5553900401CF3 /* TotalHourCell.h */,
				C86D491217E5553900401CF3 /* TotalHourCell.m */,
				C86D491317E5553900401CF3 /* TotalHourCell.xib */,
				C86D491417E5553900401CF3 /* TotalHoursViewController.h */,
				C86D491517E5553900401CF3 /* TotalHoursViewController.m */,
				C86D491617E5553900401CF3 /* TotalHoursViewController.xib */,
				C86D491717E5553900401CF3 /* TrendGraphView.h */,
				C86D491817E5553900401CF3 /* TrendGraphView.m */,
				C86D491917E5553900401CF3 /* TrendGraphViewController.h */,
				C86D491A17E5553900401CF3 /* TrendGraphViewController.m */,
				C86D491B17E5553900401CF3 /* TrendGraphViewController.xib */,
				C86D491C17E5553900401CF3 /* TSCalendarSegment.h */,
				C86D491D17E5553900401CF3 /* TSCalendarSegment.m */,
				C86D491E17E5553900401CF3 /* UtilityMethods.h */,
				C86D491F17E5553900401CF3 /* UtilityMethods.m */,
			);
			path = CalendarTracker;
			sourceTree = "<group>";
		};
		C8A6C7BB17ADE3180086FED4 /* GCCalendar */ = {
			isa = PBXGroup;
			children = (
				C8A6C7BC17ADE3180086FED4 /* Calendar.png */,
				C8A6C7BD17ADE3180086FED4 /* GCCalendar.strings */,
				C8A6C7C017ADE3180086FED4 /* GCCalendar.h */,
				C8A6C7C117ADE3180086FED4 /* GCCalendar.m */,
				C8A6C7C217ADE3180086FED4 /* GCCalendarEvent.h */,
				C8A6C7C317ADE3180086FED4 /* GCCalendarEvent.m */,
				C8A6C7C417ADE3180086FED4 /* GCCalendarProtocols.h */,
				C8A6C7C517ADE3180086FED4 /* GCCalendarTile.h */,
				C8A6C7C617ADE3180086FED4 /* GCCalendarTile.m */,
				C8A6C7C717ADE3180086FED4 /* GCCalendarTodayView.h */,
				C8A6C7C817ADE3180086FED4 /* GCCalendarTodayView.m */,
				C8A6C7C917ADE3180086FED4 /* GCCalendarView.h */,
				C8A6C7CA17ADE3180086FED4 /* GCCalendarView.m */,
				C8A6C7CB17ADE3180086FED4 /* GCDatePickerControlBackground.png */,
				C8A6C7CC17ADE3180086FED4 /* GCDatePickerControlLeft.png */,
				C8A6C7CD17ADE3180086FED4 /* GCDatePickerControlRight.png */,
				C8A6C7CE17ADE3180086FED4 /* GCGlobalSettings.h */,
			);
			path = GCCalendar;
			sourceTree = "<group>";
		};
		C8FF164D17A5D7030064BA83 /* Controllers */ = {
			isa = PBXGroup;
			children = (
				C83B5F1417D39612006F4BC7 /* TSMainViewController.h */,
				C83B5F1517D39612006F4BC7 /* TSMainViewController.m */,
				C83BC71C17EE948400A556EC /* TSTutorialViewController.h */,
				C83BC71D17EE948400A556EC /* TSTutorialViewController.m */,
				C8FF167A17A617620064BA83 /* TSHomePageController.h */,
				C8FF167B17A617630064BA83 /* TSHomePageController.m */,
				C8A6C7E317ADE44D0086FED4 /* TSDayViewController.h */,
				C8A6C7E417ADE44D0086FED4 /* TSDayViewController.m */,
				C8FF167617A5E0DF0064BA83 /* TSListTableViewController.h */,
				C8FF167717A5E0DF0064BA83 /* TSListTableViewController.m */,
			);
			name = Controllers;
			sourceTree = "<group>";
		};
		C8FF164E17A5D89D0064BA83 /* Models */ = {
			isa = PBXGroup;
			children = (
				C8FF165717A5DA440064BA83 /* TSCategory.h */,
				C8FF165817A5DA440064BA83 /* TSCategory.m */,
				C8FF165917A5DA440064BA83 /* TSCategoryStore.h */,
				C8FF165A17A5DA440064BA83 /* TSCategoryStore.m */,
				C8FF167D17A93E310064BA83 /* TSCalendarStore.h */,
				C8FF167E17A93E310064BA83 /* TSCalendarStore.m */,
			);
			name = Models;
			sourceTree = "<group>";
		};
		C8FF164F17A5D8B50064BA83 /* Views */ = {
			isa = PBXGroup;
			children = (
				C86D494217E5590D00401CF3 /* TSTabBar.h */,
				C86D494317E5590D00401CF3 /* TSTabBar.m */,
				C81DED06177E652F00317312 /* TSMainView.h */,
				C81DED07177E652F00317312 /* TSMainView.m */,
				C8FF165F17A5DCFC0064BA83 /* TSListTableViewCell.h */,
				C8FF166017A5DCFC0064BA83 /* TSListTableViewCell.m */,
				C8B93BB017BFD86500759246 /* TSAddNewTableViewCell.h */,
				C8B93BB117BFD86500759246 /* TSAddNewTableViewCell.m */,
			);
			name = Views;
			sourceTree = "<group>";
		};
		C8FF165017A5D8C30064BA83 /* Resources */ = {
			isa = PBXGroup;
			children = (
				C83D1BBD1818E8A700482ACC /* GetStarted_Sel.png */,
				C83D1BBE1818E8A700482ACC /* GetStarted.png */,
				C83D1BC11818E92C00482ACC /* Tutorial.png */,
				C83D1BB71818E4CE00482ACC /* Tutorial-0.png */,
				C83D1BA61818DE1900482ACC /* Tutorial-1.png */,
				C83D1BA71818DE1900482ACC /* Tutorial-2.png */,
				C83D1BA81818DE1900482ACC /* Tutorial-3.png */,
				C83D1BA91818DE1900482ACC /* Tutorial-4.png */,
				C83D1BAA1818DE1900482ACC /* Tutorial-5.png */,
				C83D1BAB1818DE1900482ACC /* Tutorial-6.png */,
				C83D1BA11818C70400482ACC /* Icon.png */,
				C83D1BA21818C70400482ACC /* Icon@2x.png */,
				C83B5F1817D3A626006F4BC7 /* home_icon_blue.png */,
				C83B5F1917D3A626006F4BC7 /* gear_icon_blue.png */,
				C83B5F1A17D3A626006F4BC7 /* data_icon_blue.png */,
				C8EA7E0F17CC524A009EED40 /* next_button.png */,
				C8EA7E0C17CC4F7F009EED40 /* prev_button.png */,
				C8E4A58F17C26FFB002504B0 /* down_arrow.png */,
				C8E4A59017C26FFB002504B0 /* up_arrow.png */,
				C8B93BB517C127DB00759246 /* grey_cross_red_glow.png */,
				C8B93BB617C127DB00759246 /* grey_cross.png */,
				C8B93BB317BFFD0400759246 /* plus_sign.png */,
			);
			name = Resources;
			sourceTree = "<group>";
		};
		C8FF165117A5D8D30064BA83 /* App Delegate */ = {
			isa = PBXGroup;
			children = (
				C81972E516E1BC1400EE65D2 /* TSAppDelegate.h */,
				C81972E616E1BC1400EE65D2 /* TSAppDelegate.m */,
			);
			name = "App Delegate";
			sourceTree = "<group>";
		};
		C8FF165217A5D8DF0064BA83 /* Supporting Files */ = {
			isa = PBXGroup;
			children = (
				C83B5F0C17D38D32006F4BC7 /* DMLazyScrollView.h */,
				C83B5F0D17D38D32006F4BC7 /* DMLazyScrollView.m */,
				C8FF166317A5DD160064BA83 /* MyAlertViewDelegate.h */,
				C8FF166417A5DD160064BA83 /* MyAlertViewDelegate.m */,
				C8FF166517A5DD160064BA83 /* TSSlidableCell.h */,
				C8FF166617A5DD160064BA83 /* TSSlidableCell.m */,
				C8FF166717A5DD160064BA83 /* ATSDragToReorderTableViewController.h */,
				C8FF166817A5DD160064BA83 /* ATSDragToReorderTableViewController.m */,
				C81972DE16E1BC1400EE65D2 /* TimeStamp-Info.plist */,
				C81972DF16E1BC1400EE65D2 /* InfoPlist.strings */,
				C81972E216E1BC1400EE65D2 /* main.m */,
				C81972E416E1BC1400EE65D2 /* TimeStamp-Prefix.pch */,
			);
			name = "Supporting Files";
			sourceTree = "<group>";
		};
		C8FF166F17A5DD410064BA83 /* Categories */ = {
			isa = PBXGroup;
			children = (
				C8EA7E0817CC2F15009EED40 /* UIColor+MLPFlatColors.h */,
				C8EA7E0917CC2F15009EED40 /* UIColor+MLPFlatColors.m */,
				C828E63E176D5CBB000DA3CA /* UIColor+CalendarPalette.h */,
				C828E63F176D5CBB000DA3CA /* UIColor+CalendarPalette.m */,
			);
			name = Categories;
			sourceTree = "<group>";
		};
/* End PBXGroup section */

/* Begin PBXNativeTarget section */
		C81972D216E1BC1400EE65D2 /* TimeStamp */ = {
			isa = PBXNativeTarget;
			buildConfigurationList = C819730B16E1BC1400EE65D2 /* Build configuration list for PBXNativeTarget "TimeStamp" */;
			buildPhases = (
				C81972CF16E1BC1400EE65D2 /* Sources */,
				C81972D016E1BC1400EE65D2 /* Frameworks */,
				C81972D116E1BC1400EE65D2 /* Resources */,
			);
			buildRules = (
			);
			dependencies = (
			);
			name = TimeStamp;
			productName = "TimeStamp-Homepage";
			productReference = C81972D316E1BC1400EE65D2 /* TimeStamp.app */;
			productType = "com.apple.product-type.application";
		};
		C81972F816E1BC1400EE65D2 /* TimeStampTests */ = {
			isa = PBXNativeTarget;
			buildConfigurationList = C819730E16E1BC1400EE65D2 /* Build configuration list for PBXNativeTarget "TimeStampTests" */;
			buildPhases = (
				C81972F416E1BC1400EE65D2 /* Sources */,
				C81972F516E1BC1400EE65D2 /* Frameworks */,
				C81972F616E1BC1400EE65D2 /* Resources */,
				C81972F716E1BC1400EE65D2 /* ShellScript */,
			);
			buildRules = (
			);
			dependencies = (
				C81972FF16E1BC1400EE65D2 /* PBXTargetDependency */,
			);
			name = TimeStampTests;
			productName = "TimeStamp-HomepageTests";
			productReference = C81972F916E1BC1400EE65D2 /* TimeStampTests.octest */;
			productType = "com.apple.product-type.bundle";
		};
/* End PBXNativeTarget section */

/* Begin PBXProject section */
		C81972CB16E1BC1400EE65D2 /* Project object */ = {
			isa = PBXProject;
			attributes = {
				CLASSPREFIX = TS;
				LastUpgradeCheck = 0460;
				ORGANIZATIONNAME = "Awais Hussain";
				TargetAttributes = {
					C81972D216E1BC1400EE65D2 = {
						DevelopmentTeam = CZB3E23UL6;
					};
				};
			};
			buildConfigurationList = C81972CE16E1BC1400EE65D2 /* Build configuration list for PBXProject "TimeStamp" */;
			compatibilityVersion = "Xcode 3.2";
			developmentRegion = English;
			hasScannedForEncodings = 0;
			knownRegions = (
				en,
				English,
				French,
			);
			mainGroup = C81972CA16E1BC1400EE65D2;
			productRefGroup = C81972D416E1BC1400EE65D2 /* Products */;
			projectDirPath = "";
			projectRoot = "";
			targets = (
				C81972D216E1BC1400EE65D2 /* TimeStamp */,
				C81972F816E1BC1400EE65D2 /* TimeStampTests */,
			);
		};
/* End PBXProject section */

/* Begin PBXResourcesBuildPhase section */
		C81972D116E1BC1400EE65D2 /* Resources */ = {
			isa = PBXResourcesBuildPhase;
			buildActionMask = 2147483647;
			files = (
				C81972E116E1BC1400EE65D2 /* InfoPlist.strings in Resources */,
				C83D1BA41818C70400482ACC /* Icon@2x.png in Resources */,
				C83D1BB81818E4CE00482ACC /* Tutorial-0.png in Resources */,
				C83D1BBF1818E8A700482ACC /* GetStarted_Sel.png in Resources */,
				C83D1BB11818DE1B00482ACC /* Tutorial-4.png in Resources */,
				C83D1BC21818E92C00482ACC /* Tutorial.png in Resources */,
				C81972F016E1BC1400EE65D2 /* MainStoryboard.storyboard in Resources */,
				C8A6C7CF17ADE3180086FED4 /* Calendar.png in Resources */,
				C8A6C7D117ADE3180086FED4 /* GCCalendar.strings in Resources */,
				C8A6C7DD17ADE3180086FED4 /* GCDatePickerControlBackground.png in Resources */,
				C8A6C7DF17ADE3180086FED4 /* GCDatePickerControlLeft.png in Resources */,
				C8A6C7E117ADE3180086FED4 /* GCDatePickerControlRight.png in Resources */,
				C8B93BB417BFFD0400759246 /* plus_sign.png in Resources */,
				C8B93BB717C127DB00759246 /* grey_cross_red_glow.png in Resources */,
				C83D1BA31818C70400482ACC /* Icon.png in Resources */,
				C8B93BB817C127DB00759246 /* grey_cross.png in Resources */,
				C8E4A59117C26FFB002504B0 /* down_arrow.png in Resources */,
				C8E4A59217C26FFB002504B0 /* up_arrow.png in Resources */,
				C8EA7E0D17CC4F7F009EED40 /* prev_button.png in Resources */,
				C83D1BAE1818DE1B00482ACC /* Tutorial-1.png in Resources */,
				C8EA7E1017CC524A009EED40 /* next_button.png in Resources */,
				C83D1BC01818E8A700482ACC /* GetStarted.png in Resources */,
				C83B5F1B17D3A626006F4BC7 /* home_icon_blue.png in Resources */,
				C83D1BB31818DE1B00482ACC /* Tutorial-6.png in Resources */,
				C83B5F1D17D3A626006F4BC7 /* gear_icon_blue.png in Resources */,
				C83B5F1F17D3A626006F4BC7 /* data_icon_blue.png in Resources */,
				C86D492217E5553900401CF3 /* ClassEventCell.xib in Resources */,
				C86D492417E5553900401CF3 /* Default-568h@2x.png in Resources */,
				C83D1BAF1818DE1B00482ACC /* Tutorial-2.png in Resources */,
				C86D492517E5553900401CF3 /* Default.png in Resources */,
				C86D492617E5553900401CF3 /* Default@2x.png in Resources */,
				C86D492717E5553900401CF3 /* InfoPlist.strings in Resources */,
				C86D492917E5553900401CF3 /* EventCell.xib in Resources */,
				C86D492C17E5553900401CF3 /* EventViewController.xib in Resources */,
				C86D492E17E5553900401CF3 /* GraphViewController.xib in Resources */,
				C83D1BB01818DE1B00482ACC /* Tutorial-3.png in Resources */,
				C86D493517E5553900401CF3 /* SingleCalendarViewController.xib in Resources */,
				C86D493A17E5553900401CF3 /* TotalHourCell.xib in Resources */,
				C86D493C17E5553900401CF3 /* TotalHoursViewController.xib in Resources */,
				C86D493F17E5553900401CF3 /* TrendGraphViewController.xib in Resources */,
				C83D1BB21818DE1B00482ACC /* Tutorial-5.png in Resources */,
			);
			runOnlyForDeploymentPostprocessing = 0;
		};
		C81972F616E1BC1400EE65D2 /* Resources */ = {
			isa = PBXResourcesBuildPhase;
			buildActionMask = 2147483647;
			files = (
				C819730516E1BC1400EE65D2 /* InfoPlist.strings in Resources */,
				C8A6C7D017ADE3180086FED4 /* Calendar.png in Resources */,
				C8A6C7D217ADE3180086FED4 /* GCCalendar.strings in Resources */,
				C8A6C7DE17ADE3180086FED4 /* GCDatePickerControlBackground.png in Resources */,
				C8A6C7E017ADE3180086FED4 /* GCDatePickerControlLeft.png in Resources */,
				C8A6C7E217ADE3180086FED4 /* GCDatePickerControlRight.png in Resources */,
				C8EA7E0E17CC4F7F009EED40 /* prev_button.png in Resources */,
				C8EA7E1117CC524A009EED40 /* next_button.png in Resources */,
				C83B5F1C17D3A626006F4BC7 /* home_icon_blue.png in Resources */,
				C83B5F1E17D3A626006F4BC7 /* gear_icon_blue.png in Resources */,
				C83B5F2017D3A626006F4BC7 /* data_icon_blue.png in Resources */,
			);
			runOnlyForDeploymentPostprocessing = 0;
		};
/* End PBXResourcesBuildPhase section */

/* Begin PBXShellScriptBuildPhase section */
		C81972F716E1BC1400EE65D2 /* ShellScript */ = {
			isa = PBXShellScriptBuildPhase;
			buildActionMask = 2147483647;
			files = (
			);
			inputPaths = (
			);
			outputPaths = (
			);
			runOnlyForDeploymentPostprocessing = 0;
			shellPath = /bin/sh;
			shellScript = "# Run the unit tests in this test bundle.\n\"${SYSTEM_DEVELOPER_DIR}/Tools/RunUnitTests\"\n";
		};
/* End PBXShellScriptBuildPhase section */

/* Begin PBXSourcesBuildPhase section */
		C81972CF16E1BC1400EE65D2 /* Sources */ = {
			isa = PBXSourcesBuildPhase;
			buildActionMask = 2147483647;
			files = (
				C81972E316E1BC1400EE65D2 /* main.m in Sources */,
				C81972E716E1BC1400EE65D2 /* TSAppDelegate.m in Sources */,
				C828E640176D5CBB000DA3CA /* UIColor+CalendarPalette.m in Sources */,
				C81DED08177E652F00317312 /* TSMainView.m in Sources */,
				C8FF165B17A5DA440064BA83 /* TSCategory.m in Sources */,
				C8FF165D17A5DA440064BA83 /* TSCategoryStore.m in Sources */,
				C8FF166117A5DCFC0064BA83 /* TSListTableViewCell.m in Sources */,
				C8FF166917A5DD160064BA83 /* MyAlertViewDelegate.m in Sources */,
				C8FF166B17A5DD160064BA83 /* TSSlidableCell.m in Sources */,
				C8FF166D17A5DD160064BA83 /* ATSDragToReorderTableViewController.m in Sources */,
				C8FF167817A5E0DF0064BA83 /* TSListTableViewController.m in Sources */,
				C8FF167F17A93E310064BA83 /* TSCalendarStore.m in Sources */,
				C8A6C7D317ADE3180086FED4 /* GCCalendar.m in Sources */,
				C8A6C7D517ADE3180086FED4 /* GCCalendarEvent.m in Sources */,
				C8A6C7D717ADE3180086FED4 /* GCCalendarTile.m in Sources */,
				C8A6C7D917ADE3180086FED4 /* GCCalendarTodayView.m in Sources */,
				C8A6C7DB17ADE3180086FED4 /* GCCalendarView.m in Sources */,
				C8A6C7E517ADE44D0086FED4 /* TSDayViewController.m in Sources */,
				C8B93BB217BFD86500759246 /* TSAddNewTableViewCell.m in Sources */,
				C8EA7E0417C944DD009EED40 /* TSHomePageController.m in Sources */,
				C8EA7E0A17CC2F15009EED40 /* UIColor+MLPFlatColors.m in Sources */,
				C83B5F0E17D38D32006F4BC7 /* DMLazyScrollView.m in Sources */,
				C83B5F1617D39612006F4BC7 /* TSMainViewController.m in Sources */,
				C86D492117E5553900401CF3 /* ClassEventCell.m in Sources */,
				C86D492317E5553900401CF3 /* ColumnGraphView.m in Sources */,
				C86D492817E5553900401CF3 /* EventCell.m in Sources */,
				C86D492A17E5553900401CF3 /* EventKitData.m in Sources */,
				C86D492B17E5553900401CF3 /* EventViewController.m in Sources */,
				C86D492D17E5553900401CF3 /* GraphViewController.m in Sources */,
				C86D493217E5553900401CF3 /* MySingleton.m in Sources */,
				C86D493317E5553900401CF3 /* PieChartView.m in Sources */,
				C86D493417E5553900401CF3 /* SingleCalendarViewController.m in Sources */,
				C86D493617E5553900401CF3 /* TableHeaderToolBar.m in Sources */,
				C86D493717E5553900401CF3 /* TimePeriodToolbar.m in Sources */,
				C86D493917E5553900401CF3 /* TotalHourCell.m in Sources */,
				C86D493B17E5553900401CF3 /* TotalHoursViewController.m in Sources */,
				C86D493D17E5553900401CF3 /* TrendGraphView.m in Sources */,
				C86D493E17E5553900401CF3 /* TrendGraphViewController.m in Sources */,
				C86D494017E5553900401CF3 /* TSCalendarSegment.m in Sources */,
				C86D494117E5553900401CF3 /* UtilityMethods.m in Sources */,
				C86D494417E5590E00401CF3 /* TSTabBar.m in Sources */,
				C83BC71E17EE948400A556EC /* TSTutorialViewController.m in Sources */,
			);
			runOnlyForDeploymentPostprocessing = 0;
		};
		C81972F416E1BC1400EE65D2 /* Sources */ = {
			isa = PBXSourcesBuildPhase;
			buildActionMask = 2147483647;
			files = (
				C819730816E1BC1400EE65D2 /* TimeStamp_HomepageTests.m in Sources */,
				C8FF165C17A5DA440064BA83 /* TSCategory.m in Sources */,
				C8FF165E17A5DA440064BA83 /* TSCategoryStore.m in Sources */,
				C8FF166217A5DCFC0064BA83 /* TSListTableViewCell.m in Sources */,
				C8FF166A17A5DD160064BA83 /* MyAlertViewDelegate.m in Sources */,
				C8FF166C17A5DD160064BA83 /* TSSlidableCell.m in Sources */,
				C8FF166E17A5DD160064BA83 /* ATSDragToReorderTableViewController.m in Sources */,
				C8FF167917A5E0DF0064BA83 /* TSListTableViewController.m in Sources */,
				C8A6C7D417ADE3180086FED4 /* GCCalendar.m in Sources */,
				C8A6C7D617ADE3180086FED4 /* GCCalendarEvent.m in Sources */,
				C8A6C7D817ADE3180086FED4 /* GCCalendarTile.m in Sources */,
				C8A6C7DA17ADE3180086FED4 /* GCCalendarTodayView.m in Sources */,
				C8A6C7DC17ADE3180086FED4 /* GCCalendarView.m in Sources */,
				C8A6C7E617ADE44D0086FED4 /* TSDayViewController.m in Sources */,
				C8EA7E0B17CC2F15009EED40 /* UIColor+MLPFlatColors.m in Sources */,
				C83B5F0F17D38D32006F4BC7 /* DMLazyScrollView.m in Sources */,
				C83B5F1717D39612006F4BC7 /* TSMainViewController.m in Sources */,
			);
			runOnlyForDeploymentPostprocessing = 0;
		};
/* End PBXSourcesBuildPhase section */

/* Begin PBXTargetDependency section */
		C81972FF16E1BC1400EE65D2 /* PBXTargetDependency */ = {
			isa = PBXTargetDependency;
			target = C81972D216E1BC1400EE65D2 /* TimeStamp */;
			targetProxy = C81972FE16E1BC1400EE65D2 /* PBXContainerItemProxy */;
		};
/* End PBXTargetDependency section */

/* Begin PBXVariantGroup section */
		C81972DF16E1BC1400EE65D2 /* InfoPlist.strings */ = {
			isa = PBXVariantGroup;
			children = (
				C81972E016E1BC1400EE65D2 /* en */,
			);
			name = InfoPlist.strings;
			path = "TimeStamp-Homepage";
			sourceTree = "<group>";
		};
		C81972EE16E1BC1400EE65D2 /* MainStoryboard.storyboard */ = {
			isa = PBXVariantGroup;
			children = (
				C81972EF16E1BC1400EE65D2 /* en */,
			);
			name = MainStoryboard.storyboard;
			path = "TimeStamp-Homepage";
			sourceTree = "<group>";
		};
		C819730316E1BC1400EE65D2 /* InfoPlist.strings */ = {
			isa = PBXVariantGroup;
			children = (
				C819730416E1BC1400EE65D2 /* en */,
			);
			name = InfoPlist.strings;
			sourceTree = "<group>";
		};
		C86D48F417E5553900401CF3 /* InfoPlist.strings */ = {
			isa = PBXVariantGroup;
			children = (
				C86D48F517E5553900401CF3 /* en */,
			);
			name = InfoPlist.strings;
			sourceTree = "<group>";
		};
		C8A6C7BD17ADE3180086FED4 /* GCCalendar.strings */ = {
			isa = PBXVariantGroup;
			children = (
				C8A6C7BE17ADE3180086FED4 /* English */,
				C8A6C7BF17ADE3180086FED4 /* French */,
			);
			name = GCCalendar.strings;
			sourceTree = "<group>";
		};
/* End PBXVariantGroup section */

/* Begin XCBuildConfiguration section */
		C819730916E1BC1400EE65D2 /* Debug */ = {
			isa = XCBuildConfiguration;
			buildSettings = {
				ALWAYS_SEARCH_USER_PATHS = NO;
				CLANG_CXX_LANGUAGE_STANDARD = "gnu++0x";
				CLANG_CXX_LIBRARY = "libc++";
				CLANG_ENABLE_OBJC_ARC = YES;
				CLANG_WARN_CONSTANT_CONVERSION = YES;
				CLANG_WARN_EMPTY_BODY = YES;
				CLANG_WARN_ENUM_CONVERSION = YES;
				CLANG_WARN_INT_CONVERSION = YES;
				CLANG_WARN__DUPLICATE_METHOD_MATCH = YES;
				CODE_SIGN_IDENTITY = "iPhone Distribution: Awais Hussain (CZB3E23UL6)";
				"CODE_SIGN_IDENTITY[sdk=iphoneos*]" = "iPhone Distribution: Awais Hussain (CZB3E23UL6)";
				COPY_PHASE_STRIP = NO;
				GCC_C_LANGUAGE_STANDARD = gnu99;
				GCC_DYNAMIC_NO_PIC = NO;
				GCC_OPTIMIZATION_LEVEL = 0;
				GCC_PREPROCESSOR_DEFINITIONS = (
					"DEBUG=1",
					"$(inherited)",
				);
				GCC_SYMBOLS_PRIVATE_EXTERN = NO;
				GCC_WARN_ABOUT_RETURN_TYPE = YES;
				GCC_WARN_UNINITIALIZED_AUTOS = YES;
				GCC_WARN_UNUSED_VARIABLE = YES;
				IPHONEOS_DEPLOYMENT_TARGET = 6.1;
				ONLY_ACTIVE_ARCH = NO;
				SDKROOT = iphoneos;
			};
			name = Debug;
		};
		C819730A16E1BC1400EE65D2 /* Release */ = {
			isa = XCBuildConfiguration;
			buildSettings = {
				ALWAYS_SEARCH_USER_PATHS = NO;
				CLANG_CXX_LANGUAGE_STANDARD = "gnu++0x";
				CLANG_CXX_LIBRARY = "libc++";
				CLANG_ENABLE_OBJC_ARC = YES;
				CLANG_WARN_CONSTANT_CONVERSION = YES;
				CLANG_WARN_EMPTY_BODY = YES;
				CLANG_WARN_ENUM_CONVERSION = YES;
				CLANG_WARN_INT_CONVERSION = YES;
				CLANG_WARN__DUPLICATE_METHOD_MATCH = YES;
				CODE_SIGN_IDENTITY = "iPhone Distribution: Awais Hussain (CZB3E23UL6)";
				"CODE_SIGN_IDENTITY[sdk=iphoneos*]" = "iPhone Distribution: Awais Hussain (CZB3E23UL6)";
				COPY_PHASE_STRIP = YES;
				GCC_C_LANGUAGE_STANDARD = gnu99;
				GCC_WARN_ABOUT_RETURN_TYPE = YES;
				GCC_WARN_UNINITIALIZED_AUTOS = YES;
				GCC_WARN_UNUSED_VARIABLE = YES;
				IPHONEOS_DEPLOYMENT_TARGET = 6.1;
				ONLY_ACTIVE_ARCH = YES;
				OTHER_CFLAGS = "-DNS_BLOCK_ASSERTIONS=1";
				SDKROOT = iphoneos;
				VALIDATE_PRODUCT = YES;
			};
			name = Release;
		};
		C819730C16E1BC1400EE65D2 /* Debug */ = {
			isa = XCBuildConfiguration;
			buildSettings = {
				CLANG_ENABLE_OBJC_ARC = YES;
				CODE_SIGN_IDENTITY = "iPhone Developer";
				"CODE_SIGN_IDENTITY[sdk=iphoneos*]" = "iPhone Developer";
				GCC_PRECOMPILE_PREFIX_HEADER = YES;
				GCC_PREFIX_HEADER = "TimeStamp-Homepage/TimeStamp-Prefix.pch";
				INFOPLIST_FILE = "TimeStamp-Homepage/TimeStamp-Info.plist";
				LIBRARY_SEARCH_PATHS = (
					"$(inherited)",
					"/Users/awaishussain/Developer/TimeStamp-Homepage/CalendarTracker/Flurry\\ iPhone\\ SDK\\ viPhone\\ 4.3.0/Flurry-iOS-4.3.0/Flurry",
					"/Users/awaishussain/Developer/TimeStamp-Homepage/CalendarTracker/Flurry\\ iPhone\\ SDK\\ viPhone\\ 4.3.0/Flurry-iOS-4.3.0/FlurryAds",
					"/Users/awaishussain/Developer/TimeStamp-Homepage/Flurry-iOS-4.3.0/Flurry",
					"/Users/awaishussain/Developer/TimeStamp-Homepage/Flurry-iOS-4.3.0/FlurryAds",
					"/Users/awaishussain/Developer/TimeStamp-Homepage/Flurry",
				);
				PRODUCT_NAME = TimeStamp;
				PROVISIONING_PROFILE = "";
				TARGETED_DEVICE_FAMILY = 1;
				WRAPPER_EXTENSION = app;
			};
			name = Debug;
		};
		C819730D16E1BC1400EE65D2 /* Release */ = {
			isa = XCBuildConfiguration;
			buildSettings = {
				CLANG_ENABLE_OBJC_ARC = YES;
				CODE_SIGN_IDENTITY = "iPhone Developer";
				"CODE_SIGN_IDENTITY[sdk=iphoneos*]" = "iPhone Developer";
				GCC_PRECOMPILE_PREFIX_HEADER = YES;
				GCC_PREFIX_HEADER = "TimeStamp-Homepage/TimeStamp-Prefix.pch";
				INFOPLIST_FILE = "TimeStamp-Homepage/TimeStamp-Info.plist";
				LIBRARY_SEARCH_PATHS = (
					"$(inherited)",
					"/Users/awaishussain/Developer/TimeStamp-Homepage/CalendarTracker/Flurry\\ iPhone\\ SDK\\ viPhone\\ 4.3.0/Flurry-iOS-4.3.0/Flurry",
					"/Users/awaishussain/Developer/TimeStamp-Homepage/CalendarTracker/Flurry\\ iPhone\\ SDK\\ viPhone\\ 4.3.0/Flurry-iOS-4.3.0/FlurryAds",
					"/Users/awaishussain/Developer/TimeStamp-Homepage/Flurry-iOS-4.3.0/Flurry",
					"/Users/awaishussain/Developer/TimeStamp-Homepage/Flurry-iOS-4.3.0/FlurryAds",
					"/Users/awaishussain/Developer/TimeStamp-Homepage/Flurry",
				);
				PRODUCT_NAME = TimeStamp;
				PROVISIONING_PROFILE = "";
				TARGETED_DEVICE_FAMILY = 1;
				WRAPPER_EXTENSION = app;
			};
			name = Release;
		};
		C819730F16E1BC1400EE65D2 /* Debug */ = {
			isa = XCBuildConfiguration;
			buildSettings = {
				BUNDLE_LOADER = "$(BUILT_PRODUCTS_DIR)/TimeStamp-Homepage.app/TimeStamp-Homepage";
				CLANG_ENABLE_OBJC_ARC = YES;
				FRAMEWORK_SEARCH_PATHS = (
					"\"$(SDKROOT)/Developer/Library/Frameworks\"",
					"\"$(DEVELOPER_LIBRARY_DIR)/Frameworks\"",
				);
				GCC_PRECOMPILE_PREFIX_HEADER = YES;
				GCC_PREFIX_HEADER = "TimeStamp-Homepage/TimeStamp-Homepage-Prefix.pch";
				INFOPLIST_FILE = "TimeStamp-HomepageTests/TimeStampTests-Info.plist";
				PRODUCT_NAME = TimeStampTests;
				TEST_HOST = "$(BUNDLE_LOADER)";
				WRAPPER_EXTENSION = octest;
			};
			name = Debug;
		};
		C819731016E1BC1400EE65D2 /* Release */ = {
			isa = XCBuildConfiguration;
			buildSettings = {
				BUNDLE_LOADER = "$(BUILT_PRODUCTS_DIR)/TimeStamp-Homepage.app/TimeStamp-Homepage";
				CLANG_ENABLE_OBJC_ARC = YES;
				FRAMEWORK_SEARCH_PATHS = (
					"\"$(SDKROOT)/Developer/Library/Frameworks\"",
					"\"$(DEVELOPER_LIBRARY_DIR)/Frameworks\"",
				);
				GCC_PRECOMPILE_PREFIX_HEADER = YES;
				GCC_PREFIX_HEADER = "TimeStamp-Homepage/TimeStamp-Homepage-Prefix.pch";
				INFOPLIST_FILE = "TimeStamp-HomepageTests/TimeStampTests-Info.plist";
				PRODUCT_NAME = TimeStampTests;
				TEST_HOST = "$(BUNDLE_LOADER)";
				WRAPPER_EXTENSION = octest;
			};
			name = Release;
		};
/* End XCBuildConfiguration section */

/* Begin XCConfigurationList section */
		C81972CE16E1BC1400EE65D2 /* Build configuration list for PBXProject "TimeStamp" */ = {
			isa = XCConfigurationList;
			buildConfigurations = (
				C819730916E1BC1400EE65D2 /* Debug */,
				C819730A16E1BC1400EE65D2 /* Release */,
			);
			defaultConfigurationIsVisible = 0;
			defaultConfigurationName = Release;
		};
		C819730B16E1BC1400EE65D2 /* Build configuration list for PBXNativeTarget "TimeStamp" */ = {
			isa = XCConfigurationList;
			buildConfigurations = (
				C819730C16E1BC1400EE65D2 /* Debug */,
				C819730D16E1BC1400EE65D2 /* Release */,
			);
			defaultConfigurationIsVisible = 0;
			defaultConfigurationName = Release;
		};
		C819730E16E1BC1400EE65D2 /* Build configuration list for PBXNativeTarget "TimeStampTests" */ = {
			isa = XCConfigurationList;
			buildConfigurations = (
				C819730F16E1BC1400EE65D2 /* Debug */,
				C819731016E1BC1400EE65D2 /* Release */,
			);
			defaultConfigurationIsVisible = 0;
			defaultConfigurationName = Release;
		};
/* End XCConfigurationList section */
	};
	rootObject = C81972CB16E1BC1400EE65D2 /* Project object */;
}
